// !$*UTF8*$!
{
	archiveVersion = 1;
	classes = {
	};
	objectVersion = 46;
	objects = {

/* Begin PBXBuildFile section */
		6404C90516D623AC005900FA /* IWScorePresenter.c in Sources */ = {isa = PBXBuildFile; fileRef = 6404C90416D623AC005900FA /* IWScorePresenter.c */; };
		6406401C16E49A010019CAC3 /* IWTutorialController.c in Sources */ = {isa = PBXBuildFile; fileRef = 6406401B16E49A010019CAC3 /* IWTutorialController.c */; };
		6406402216E4C02F0019CAC3 /* IWTutorialStage.c in Sources */ = {isa = PBXBuildFile; fileRef = 6406402116E4C02E0019CAC3 /* IWTutorialStage.c */; };
		64086BB216EA2141000B1E76 /* IWStartMenuController.c in Sources */ = {isa = PBXBuildFile; fileRef = 64086BB016EA186B000B1E76 /* IWStartMenuController.c */; };
		641AC1C016C11F8200DDD2EB /* IWGCircle.c in Sources */ = {isa = PBXBuildFile; fileRef = 641AC1BF16C11F8200DDD2EB /* IWGCircle.c */; };
		641AC1C216C24F1300DDD2EB /* IWGFontMapEntry.c in Sources */ = {isa = PBXBuildFile; fileRef = 641AC1C116C24F1300DDD2EB /* IWGFontMapEntry.c */; };
		641AC1C616C2502100DDD2EB /* IWGFontMap.c in Sources */ = {isa = PBXBuildFile; fileRef = 641AC1C516C2502100DDD2EB /* IWGFontMap.c */; };
		641AC1CC16C2550600DDD2EB /* fontmap01.txt in Resources */ = {isa = PBXBuildFile; fileRef = 641AC1CB16C2550600DDD2EB /* fontmap01.txt */; };
		641AC1CD16C257D200DDD2EB /* fontmap01.txt in Resources */ = {isa = PBXBuildFile; fileRef = 641AC1CB16C2550600DDD2EB /* fontmap01.txt */; };
		641AC1CE16C257FA00DDD2EB /* IWGFontMapEntry.c in Sources */ = {isa = PBXBuildFile; fileRef = 641AC1C116C24F1300DDD2EB /* IWGFontMapEntry.c */; };
		641AC1CF16C257FE00DDD2EB /* IWGFontMap.c in Sources */ = {isa = PBXBuildFile; fileRef = 641AC1C516C2502100DDD2EB /* IWGFontMap.c */; };
		641AC1D016C2584300DDD2EB /* IWFileTools.c in Sources */ = {isa = PBXBuildFile; fileRef = 641E0D7316A8313F0077785D /* IWFileTools.c */; };
		641E0D6B16A7FE0A0077785D /* IWGeometry.c in Sources */ = {isa = PBXBuildFile; fileRef = 641E0D6A16A7FE0A0077785D /* IWGeometry.c */; };
		641E0D7416A8313F0077785D /* IWFileTools.c in Sources */ = {isa = PBXBuildFile; fileRef = 641E0D7316A8313F0077785D /* IWFileTools.c */; };
		641E0D7516A832EF0077785D /* IWGShaderProgram.c in Sources */ = {isa = PBXBuildFile; fileRef = 646F590716A555B000704F45 /* IWGShaderProgram.c */; };
		641E0D7616A834FE0077785D /* IWGRenderer.c in Sources */ = {isa = PBXBuildFile; fileRef = 641E0D6F16A809560077785D /* IWGRenderer.c */; };
		641E0D7A16A844710077785D /* IWGame.c in Sources */ = {isa = PBXBuildFile; fileRef = 641E0D7916A844710077785D /* IWGame.c */; };
		641E0D8016A9662D0077785D /* IWColorTransition.c in Sources */ = {isa = PBXBuildFile; fileRef = 641E0D7F16A9662D0077785D /* IWColorTransition.c */; };
		641E0D8216AAF8D90077785D /* IWUIElement.c in Sources */ = {isa = PBXBuildFile; fileRef = 641E0D8116AAF8D80077785D /* IWUIElement.c */; };
		641E0D8916AD69720077785D /* IWCube.c in Sources */ = {isa = PBXBuildFile; fileRef = 641E0D8816AD69720077785D /* IWCube.c */; };
		641E0D8C16AD6D740077785D /* IWGPrimitiveBuffer.c in Sources */ = {isa = PBXBuildFile; fileRef = 641E0D8B16AD6D740077785D /* IWGPrimitiveBuffer.c */; };
		6437583016B97CAD00FD222E /* IWTimer.c in Sources */ = {isa = PBXBuildFile; fileRef = 6437582F16B97CAD00FD222E /* IWTimer.c */; };
		6437583416B97FA600FD222E /* IWIndexList.c in Sources */ = {isa = PBXBuildFile; fileRef = 6437583316B97FA600FD222E /* IWIndexList.c */; };
		6437583D16BBF2D600FD222E /* SenTestingKit.framework in Frameworks */ = {isa = PBXBuildFile; fileRef = 6437583C16BBF2D600FD222E /* SenTestingKit.framework */; };
		6437583E16BBF2D600FD222E /* UIKit.framework in Frameworks */ = {isa = PBXBuildFile; fileRef = 64822E601695E9BF003C5415 /* UIKit.framework */; };
		6437583F16BBF2D600FD222E /* Foundation.framework in Frameworks */ = {isa = PBXBuildFile; fileRef = 64822E621695E9BF003C5415 /* Foundation.framework */; };
		6437584516BBF2D700FD222E /* InfoPlist.strings in Resources */ = {isa = PBXBuildFile; fileRef = 6437584316BBF2D700FD222E /* InfoPlist.strings */; };
		6437584816BBF2D700FD222E /* ArchRunnerAlphaTest.m in Sources */ = {isa = PBXBuildFile; fileRef = 6437584716BBF2D700FD222E /* ArchRunnerAlphaTest.m */; };
		6437584D16BBF76E00FD222E /* IWIndexList.c in Sources */ = {isa = PBXBuildFile; fileRef = 6437583316B97FA600FD222E /* IWIndexList.c */; };
		643D9EFA16C7A168005627AB /* IWMatrix4.c in Sources */ = {isa = PBXBuildFile; fileRef = 643D9EF916C7A168005627AB /* IWMatrix4.c */; };
		646F592616A555B000704F45 /* AppDelegate.m in Sources */ = {isa = PBXBuildFile; fileRef = 646F58FC16A555B000704F45 /* AppDelegate.m */; };
		646F592716A555B000704F45 /* ViewController.m in Sources */ = {isa = PBXBuildFile; fileRef = 646F58FE16A555B000704F45 /* ViewController.m */; };
		646F592916A555B000704F45 /* IWController.c in Sources */ = {isa = PBXBuildFile; fileRef = 646F590216A555B000704F45 /* IWController.c */; };
		646F592A16A555B000704F45 /* IWPlayer.c in Sources */ = {isa = PBXBuildFile; fileRef = 646F590416A555B000704F45 /* IWPlayer.c */; };
		646F592C16A555B000704F45 /* IWGLighting.c in Sources */ = {isa = PBXBuildFile; fileRef = 646F590916A555B000704F45 /* IWGLighting.c */; };
		646F593016A555B000704F45 /* InfoPlist.strings in Resources */ = {isa = PBXBuildFile; fileRef = 646F591416A555B000704F45 /* InfoPlist.strings */; };
		646F593316A555B000704F45 /* main.m in Sources */ = {isa = PBXBuildFile; fileRef = 646F591A16A555B000704F45 /* main.m */; };
		646F593916A5572E00704F45 /* BasicLightShader.fsh in Resources */ = {isa = PBXBuildFile; fileRef = 646F591E16A555B000704F45 /* BasicLightShader.fsh */; };
		646F593A16A5573100704F45 /* BasicLightShader.vsh in Resources */ = {isa = PBXBuildFile; fileRef = 646F591F16A555B000704F45 /* BasicLightShader.vsh */; };
		646F593B16A5573400704F45 /* Shader.fsh in Resources */ = {isa = PBXBuildFile; fileRef = 646F592016A555B000704F45 /* Shader.fsh */; };
		646F593C16A5573800704F45 /* Shader.vsh in Resources */ = {isa = PBXBuildFile; fileRef = 646F592116A555B000704F45 /* Shader.vsh */; };
		646F594316A56BF100704F45 /* MasterShader.vsh in Resources */ = {isa = PBXBuildFile; fileRef = 646F594216A56BF100704F45 /* MasterShader.vsh */; };
		64765C1A16AEC758007E5C7A /* IWFuel.c in Sources */ = {isa = PBXBuildFile; fileRef = 64765C1916AEC758007E5C7A /* IWFuel.c */; };
		64765C2816AFD8E9007E5C7A /* IWUIRectangleButton.c in Sources */ = {isa = PBXBuildFile; fileRef = 64765C2416AFD8E9007E5C7A /* IWUIRectangleButton.c */; };
		64765C2916AFD8E9007E5C7A /* IWUIStateBar.c in Sources */ = {isa = PBXBuildFile; fileRef = 64765C2616AFD8E9007E5C7A /* IWUIStateBar.c */; };
		64765C2D16B28491007E5C7A /* IWGBufferSubData.c in Sources */ = {isa = PBXBuildFile; fileRef = 64765C2C16B28491007E5C7A /* IWGBufferSubData.c */; };
		64765C3016B29D9D007E5C7A /* IWGRingBuffer.c in Sources */ = {isa = PBXBuildFile; fileRef = 64765C2F16B29D9C007E5C7A /* IWGRingBuffer.c */; };
		64822E611695E9BF003C5415 /* UIKit.framework in Frameworks */ = {isa = PBXBuildFile; fileRef = 64822E601695E9BF003C5415 /* UIKit.framework */; };
		64822E631695E9BF003C5415 /* Foundation.framework in Frameworks */ = {isa = PBXBuildFile; fileRef = 64822E621695E9BF003C5415 /* Foundation.framework */; };
		64822E651695E9BF003C5415 /* CoreGraphics.framework in Frameworks */ = {isa = PBXBuildFile; fileRef = 64822E641695E9BF003C5415 /* CoreGraphics.framework */; };
		64822E671695E9BF003C5415 /* GLKit.framework in Frameworks */ = {isa = PBXBuildFile; fileRef = 64822E661695E9BF003C5415 /* GLKit.framework */; };
		64822E691695E9BF003C5415 /* OpenGLES.framework in Frameworks */ = {isa = PBXBuildFile; fileRef = 64822E681695E9BF003C5415 /* OpenGLES.framework */; };
		64822EA9169DB8A8003C5415 /* CoreLocation.framework in Frameworks */ = {isa = PBXBuildFile; fileRef = 64822EA8169DB8A8003C5415 /* CoreLocation.framework */; };
		64822EAB169DB901003C5415 /* CoreMotion.framework in Frameworks */ = {isa = PBXBuildFile; fileRef = 64822EAA169DB901003C5415 /* CoreMotion.framework */; };
		649894D416D780DF003148D2 /* GameKit.framework in Frameworks */ = {isa = PBXBuildFile; fileRef = 649894D316D780DF003148D2 /* GameKit.framework */; };
		64A2F02816B67CCC00655F68 /* IWVectorTransition.c in Sources */ = {isa = PBXBuildFile; fileRef = 64A2F02716B67CCC00655F68 /* IWVectorTransition.c */; };
		64A6593416DC9AFA003F92C4 /* CoreData.framework in Frameworks */ = {isa = PBXBuildFile; fileRef = 64A6593316DC9AFA003F92C4 /* CoreData.framework */; };
		64A6593716DCA3DF003F92C4 /* CoreDataObjectModel.xcdatamodeld in Sources */ = {isa = PBXBuildFile; fileRef = 64A6593516DCA3DF003F92C4 /* CoreDataObjectModel.xcdatamodeld */; };
		64A6593D16DCA9BB003F92C4 /* Achievement.m in Sources */ = {isa = PBXBuildFile; fileRef = 64A6593C16DCA9BB003F92C4 /* Achievement.m */; };
		64A6594016DCA9C6003F92C4 /* AchievementTracker.m in Sources */ = {isa = PBXBuildFile; fileRef = 64A6593F16DCA9C5003F92C4 /* AchievementTracker.m */; };
		64A6594316DCCAFC003F92C4 /* AchievementController.m in Sources */ = {isa = PBXBuildFile; fileRef = 64A6594216DCCAFC003F92C4 /* AchievementController.m */; };
		64C0386316CB65AB00C4F491 /* IWGSkyBoxController.c in Sources */ = {isa = PBXBuildFile; fileRef = 64C0386216CB65AB00C4F491 /* IWGSkyBoxController.c */; };
		64C0386816CB963800C4F491 /* MasterShader2.vsh in Resources */ = {isa = PBXBuildFile; fileRef = 64C0386416CB8E9700C4F491 /* MasterShader2.vsh */; };
		64C0386916CB963A00C4F491 /* MasterShader2.fsh in Resources */ = {isa = PBXBuildFile; fileRef = 64C0386616CB8E9F00C4F491 /* MasterShader2.fsh */; };
		64E11D3716E4C0D50016FA34 /* IWUserInterfaceController.c in Sources */ = {isa = PBXBuildFile; fileRef = 64E11D3616E4C0D50016FA34 /* IWUserInterfaceController.c */; };
		64E11D3916E4C0E20016FA34 /* IWUISlider.c in Sources */ = {isa = PBXBuildFile; fileRef = 64E11D3816E4C0E20016FA34 /* IWUISlider.c */; };
		64E11D3C16E4C6EB0016FA34 /* IWCubeController.c in Sources */ = {isa = PBXBuildFile; fileRef = 64E11D3B16E4C6EB0016FA34 /* IWCubeController.c */; };
		64E11D3E16E5E2770016FA34 /* Default.png in Resources */ = {isa = PBXBuildFile; fileRef = 64E11D3D16E5E2770016FA34 /* Default.png */; };
		64E11D4016E5E27D0016FA34 /* Default@2x.png in Resources */ = {isa = PBXBuildFile; fileRef = 64E11D3F16E5E27D0016FA34 /* Default@2x.png */; };
		64E11D4216E5E2840016FA34 /* Default-568h@2x.png in Resources */ = {isa = PBXBuildFile; fileRef = 64E11D4116E5E2840016FA34 /* Default-568h@2x.png */; };
		64F25EFE16CF752600EC3E78 /* MainShader.vsh in Resources */ = {isa = PBXBuildFile; fileRef = 64F25EFA16CF74F300EC3E78 /* MainShader.vsh */; };
		64F25EFF16CF752B00EC3E78 /* MainShader.fsh in Resources */ = {isa = PBXBuildFile; fileRef = 64F25EFC16CF750A00EC3E78 /* MainShader.fsh */; };
		64F25F0416CF78EB00EC3E78 /* TextShader.vsh in Resources */ = {isa = PBXBuildFile; fileRef = 64F25F0016CF78BE00EC3E78 /* TextShader.vsh */; };
		64F25F0516CF78F900EC3E78 /* TextShader.fsh in Resources */ = {isa = PBXBuildFile; fileRef = 64F25F0216CF78C700EC3E78 /* TextShader.fsh */; };
		64F25F0916CF823700EC3E78 /* SkyboxShader.vsh in Resources */ = {isa = PBXBuildFile; fileRef = 64F25F0616CF821900EC3E78 /* SkyboxShader.vsh */; };
		64F25F0A16CF823B00EC3E78 /* SkyboxShader.fsh in Resources */ = {isa = PBXBuildFile; fileRef = 64F25F0716CF822500EC3E78 /* SkyboxShader.fsh */; };
		64F25F0D16CF8B0F00EC3E78 /* UIShader.vsh in Resources */ = {isa = PBXBuildFile; fileRef = 64F25F0B16CF8AA400EC3E78 /* UIShader.vsh */; };
		64F25F0E16CF8B1200EC3E78 /* UIShader.fsh in Resources */ = {isa = PBXBuildFile; fileRef = 64F25F0C16CF8AAE00EC3E78 /* UIShader.fsh */; };
		64F25F1016D14F3A00EC3E78 /* 01Vladivostok.mp3 in Resources */ = {isa = PBXBuildFile; fileRef = 64F25F0F16D14F2800EC3E78 /* 01Vladivostok.mp3 */; };
		64F25F1416D1500400EC3E78 /* AVFoundation.framework in Frameworks */ = {isa = PBXBuildFile; fileRef = 64F25F1316D1500400EC3E78 /* AVFoundation.framework */; };
		64F25F1716D386D900EC3E78 /* IWCubeStatus.c in Sources */ = {isa = PBXBuildFile; fileRef = 64F25F1616D386D800EC3E78 /* IWCubeStatus.c */; };
		64F25F2116D3AD8200EC3E78 /* Icon.png in Resources */ = {isa = PBXBuildFile; fileRef = 64F25F2016D3AD8100EC3E78 /* Icon.png */; };
		64F25F2316D3AD8500EC3E78 /* Icon@x2.png in Resources */ = {isa = PBXBuildFile; fileRef = 64F25F2216D3AD8500EC3E78 /* Icon@x2.png */; };
		64F25F2516D3AD9700EC3E78 /* Icon-72.png in Resources */ = {isa = PBXBuildFile; fileRef = 64F25F2416D3AD9600EC3E78 /* Icon-72.png */; };
		64F25F2716D3AD9A00EC3E78 /* Icon-72@x2.png in Resources */ = {isa = PBXBuildFile; fileRef = 64F25F2616D3AD9900EC3E78 /* Icon-72@x2.png */; };
		64F25F2B16D3BA9B00EC3E78 /* fontmap01.png in Resources */ = {isa = PBXBuildFile; fileRef = 64F25F2816D3BA9B00EC3E78 /* fontmap01.png */; };
		64F25F2C16D3BA9B00EC3E78 /* fontmap02.png in Resources */ = {isa = PBXBuildFile; fileRef = 64F25F2916D3BA9B00EC3E78 /* fontmap02.png */; };
		64F25F2D16D3BA9B00EC3E78 /* fontmap02.txt in Resources */ = {isa = PBXBuildFile; fileRef = 64F25F2A16D3BA9B00EC3E78 /* fontmap02.txt */; };
		64F25F3B16D4DA2000EC3E78 /* IWUIMenuItem.c in Sources */ = {isa = PBXBuildFile; fileRef = 64F25F3316D3CEE900EC3E78 /* IWUIMenuItem.c */; };
		64F25F3C16D4DA2400EC3E78 /* IWUIMenuPage.c in Sources */ = {isa = PBXBuildFile; fileRef = 64F25F3616D3CF1900EC3E78 /* IWUIMenuPage.c */; };
		64F25F3D16D4DA2800EC3E78 /* IWUIMenuPresenter.c in Sources */ = {isa = PBXBuildFile; fileRef = 64F25F3916D3CF4300EC3E78 /* IWUIMenuPresenter.c */; };
		64F25F3E16D4E35B00EC3E78 /* IWUIMenuPage.c in Sources */ = {isa = PBXBuildFile; fileRef = 64F25F3616D3CF1900EC3E78 /* IWUIMenuPage.c */; };
		64F25F3F16D4E35E00EC3E78 /* IWUIMenuItem.c in Sources */ = {isa = PBXBuildFile; fileRef = 64F25F3316D3CEE900EC3E78 /* IWUIMenuItem.c */; };
		64F25F4216D5126B00EC3E78 /* IWUIMenuController.c in Sources */ = {isa = PBXBuildFile; fileRef = 64F25F4116D5126A00EC3E78 /* IWUIMenuController.c */; };
		64F4209216C4E2EA00121DE6 /* IWGTextField.c in Sources */ = {isa = PBXBuildFile; fileRef = 64F4209116C4E2E900121DE6 /* IWGTextField.c */; };
		64F4209516C50C1B00121DE6 /* IWScoreCounter.c in Sources */ = {isa = PBXBuildFile; fileRef = 64F4209416C50C1B00121DE6 /* IWScoreCounter.c */; };
/* End PBXBuildFile section */

/* Begin PBXFileReference section */
		6404C90316D6239C005900FA /* IWScorePresenter.h */ = {isa = PBXFileReference; lastKnownFileType = sourcecode.c.h; path = IWScorePresenter.h; sourceTree = "<group>"; };
		6404C90416D623AC005900FA /* IWScorePresenter.c */ = {isa = PBXFileReference; fileEncoding = 4; lastKnownFileType = sourcecode.c.c; path = IWScorePresenter.c; sourceTree = "<group>"; };
		6406401B16E49A010019CAC3 /* IWTutorialController.c */ = {isa = PBXFileReference; fileEncoding = 4; lastKnownFileType = sourcecode.c.c; path = IWTutorialController.c; sourceTree = "<group>"; };
		6406401D16E49A0D0019CAC3 /* IWTutorialController.h */ = {isa = PBXFileReference; lastKnownFileType = sourcecode.c.h; path = IWTutorialController.h; sourceTree = "<group>"; };
		6406401E16E4BFFD0019CAC3 /* IWTutorialStage.h */ = {isa = PBXFileReference; lastKnownFileType = sourcecode.c.h; path = IWTutorialStage.h; sourceTree = "<group>"; };
		6406402116E4C02E0019CAC3 /* IWTutorialStage.c */ = {isa = PBXFileReference; fileEncoding = 4; lastKnownFileType = sourcecode.c.c; path = IWTutorialStage.c; sourceTree = "<group>"; };
		64086BAF16EA1861000B1E76 /* IWStartMenuController.h */ = {isa = PBXFileReference; fileEncoding = 4; lastKnownFileType = sourcecode.c.h; path = IWStartMenuController.h; sourceTree = "<group>"; };
		64086BB016EA186B000B1E76 /* IWStartMenuController.c */ = {isa = PBXFileReference; fileEncoding = 4; lastKnownFileType = sourcecode.c.c; path = IWStartMenuController.c; sourceTree = "<group>"; };
		641AC1BE16C11F7500DDD2EB /* IWGCircle.h */ = {isa = PBXFileReference; lastKnownFileType = sourcecode.c.h; path = IWGCircle.h; sourceTree = "<group>"; };
		641AC1BF16C11F8200DDD2EB /* IWGCircle.c */ = {isa = PBXFileReference; fileEncoding = 4; lastKnownFileType = sourcecode.c.c; path = IWGCircle.c; sourceTree = "<group>"; };
		641AC1C116C24F1300DDD2EB /* IWGFontMapEntry.c */ = {isa = PBXFileReference; fileEncoding = 4; lastKnownFileType = sourcecode.c.c; path = IWGFontMapEntry.c; sourceTree = "<group>"; };
		641AC1C316C24F2000DDD2EB /* IWGFontMapEntry.h */ = {isa = PBXFileReference; lastKnownFileType = sourcecode.c.h; path = IWGFontMapEntry.h; sourceTree = "<group>"; };
		641AC1C416C2501800DDD2EB /* IWGFontMap.h */ = {isa = PBXFileReference; lastKnownFileType = sourcecode.c.h; path = IWGFontMap.h; sourceTree = "<group>"; };
		641AC1C516C2502100DDD2EB /* IWGFontMap.c */ = {isa = PBXFileReference; fileEncoding = 4; lastKnownFileType = sourcecode.c.c; path = IWGFontMap.c; sourceTree = "<group>"; };
		641AC1CB16C2550600DDD2EB /* fontmap01.txt */ = {isa = PBXFileReference; fileEncoding = 4; lastKnownFileType = text; name = fontmap01.txt; path = FontMaps/fontmap01.txt; sourceTree = "<group>"; xcLanguageSpecificationIdentifier = "<none>"; };
		641E0D6A16A7FE0A0077785D /* IWGeometry.c */ = {isa = PBXFileReference; fileEncoding = 4; lastKnownFileType = sourcecode.c.c; path = IWGeometry.c; sourceTree = "<group>"; };
		641E0D6E16A8094C0077785D /* IWGRenderer.h */ = {isa = PBXFileReference; lastKnownFileType = sourcecode.c.h; path = IWGRenderer.h; sourceTree = "<group>"; };
		641E0D6F16A809560077785D /* IWGRenderer.c */ = {isa = PBXFileReference; fileEncoding = 4; lastKnownFileType = sourcecode.c.c; path = IWGRenderer.c; sourceTree = "<group>"; };
		641E0D7216A831320077785D /* IWFileTools.h */ = {isa = PBXFileReference; lastKnownFileType = sourcecode.c.h; name = IWFileTools.h; path = IWTools/IWFileTools.h; sourceTree = "<group>"; };
		641E0D7316A8313F0077785D /* IWFileTools.c */ = {isa = PBXFileReference; fileEncoding = 4; lastKnownFileType = sourcecode.c.c; name = IWFileTools.c; path = IWTools/IWFileTools.c; sourceTree = "<group>"; };
		641E0D7716A840DE0077785D /* IWGameData.h */ = {isa = PBXFileReference; lastKnownFileType = sourcecode.c.h; path = IWGameData.h; sourceTree = "<group>"; };
		641E0D7816A844650077785D /* IWGame.h */ = {isa = PBXFileReference; lastKnownFileType = sourcecode.c.h; path = IWGame.h; sourceTree = "<group>"; };
		641E0D7916A844710077785D /* IWGame.c */ = {isa = PBXFileReference; fileEncoding = 4; lastKnownFileType = sourcecode.c.c; path = IWGame.c; sourceTree = "<group>"; };
		641E0D7B16A962580077785D /* IWVector4.h */ = {isa = PBXFileReference; fileEncoding = 4; lastKnownFileType = sourcecode.c.h; path = IWVector4.h; sourceTree = "<group>"; };
		641E0D7D16A965E90077785D /* IWColorTransition.h */ = {isa = PBXFileReference; lastKnownFileType = sourcecode.c.h; name = IWColorTransition.h; path = IWAnimation/IWColorTransition.h; sourceTree = SOURCE_ROOT; };
		641E0D7F16A9662D0077785D /* IWColorTransition.c */ = {isa = PBXFileReference; fileEncoding = 4; lastKnownFileType = sourcecode.c.c; name = IWColorTransition.c; path = IWAnimation/IWColorTransition.c; sourceTree = "<group>"; };
		641E0D8116AAF8D80077785D /* IWUIElement.c */ = {isa = PBXFileReference; fileEncoding = 4; lastKnownFileType = sourcecode.c.c; name = IWUIElement.c; path = IWUserInterface/IWUIElement.c; sourceTree = "<group>"; };
		641E0D8416AAF9170077785D /* IWUIElement.h */ = {isa = PBXFileReference; lastKnownFileType = sourcecode.c.h; name = IWUIElement.h; path = IWUserInterface/IWUIElement.h; sourceTree = "<group>"; };
		641E0D8716AD69680077785D /* IWCube.h */ = {isa = PBXFileReference; lastKnownFileType = sourcecode.c.h; path = IWCube.h; sourceTree = "<group>"; };
		641E0D8816AD69720077785D /* IWCube.c */ = {isa = PBXFileReference; fileEncoding = 4; lastKnownFileType = sourcecode.c.c; path = IWCube.c; sourceTree = "<group>"; };
		641E0D8A16AD6D680077785D /* IWGPrimitiveBuffer.h */ = {isa = PBXFileReference; lastKnownFileType = sourcecode.c.h; path = IWGPrimitiveBuffer.h; sourceTree = "<group>"; };
		641E0D8B16AD6D740077785D /* IWGPrimitiveBuffer.c */ = {isa = PBXFileReference; fileEncoding = 4; lastKnownFileType = sourcecode.c.c; path = IWGPrimitiveBuffer.c; sourceTree = "<group>"; };
		6437582F16B97CAD00FD222E /* IWTimer.c */ = {isa = PBXFileReference; fileEncoding = 4; lastKnownFileType = sourcecode.c.c; path = IWTimer.c; sourceTree = "<group>"; };
		6437583216B97CB400FD222E /* IWTimer.h */ = {isa = PBXFileReference; lastKnownFileType = sourcecode.c.h; path = IWTimer.h; sourceTree = "<group>"; };
		6437583316B97FA600FD222E /* IWIndexList.c */ = {isa = PBXFileReference; fileEncoding = 4; lastKnownFileType = sourcecode.c.c; path = IWIndexList.c; sourceTree = "<group>"; };
		6437583516B97FAE00FD222E /* IWIndexList.h */ = {isa = PBXFileReference; lastKnownFileType = sourcecode.c.h; path = IWIndexList.h; sourceTree = "<group>"; };
		6437583B16BBF2D600FD222E /* ArchRunnerAlphaTest.octest */ = {isa = PBXFileReference; explicitFileType = wrapper.cfbundle; includeInIndex = 0; path = ArchRunnerAlphaTest.octest; sourceTree = BUILT_PRODUCTS_DIR; };
		6437583C16BBF2D600FD222E /* SenTestingKit.framework */ = {isa = PBXFileReference; lastKnownFileType = wrapper.framework; name = SenTestingKit.framework; path = Library/Frameworks/SenTestingKit.framework; sourceTree = DEVELOPER_DIR; };
		6437584216BBF2D700FD222E /* ArchRunnerAlphaTest-Info.plist */ = {isa = PBXFileReference; lastKnownFileType = text.plist.xml; path = "ArchRunnerAlphaTest-Info.plist"; sourceTree = "<group>"; };
		6437584416BBF2D700FD222E /* en */ = {isa = PBXFileReference; lastKnownFileType = text.plist.strings; name = en; path = en.lproj/InfoPlist.strings; sourceTree = "<group>"; };
		6437584616BBF2D700FD222E /* ArchRunnerAlphaTest.h */ = {isa = PBXFileReference; lastKnownFileType = sourcecode.c.h; path = ArchRunnerAlphaTest.h; sourceTree = "<group>"; };
		6437584716BBF2D700FD222E /* ArchRunnerAlphaTest.m */ = {isa = PBXFileReference; lastKnownFileType = sourcecode.c.objc; path = ArchRunnerAlphaTest.m; sourceTree = "<group>"; };
		6437584916BBF2D700FD222E /* ArchRunnerAlphaTest-Prefix.pch */ = {isa = PBXFileReference; lastKnownFileType = sourcecode.c.h; path = "ArchRunnerAlphaTest-Prefix.pch"; sourceTree = "<group>"; };
		643D9EF816C7998F005627AB /* IWMatrix4.h */ = {isa = PBXFileReference; lastKnownFileType = sourcecode.c.h; path = IWMatrix4.h; sourceTree = "<group>"; };
		643D9EF916C7A168005627AB /* IWMatrix4.c */ = {isa = PBXFileReference; fileEncoding = 4; lastKnownFileType = sourcecode.c.c; path = IWMatrix4.c; sourceTree = "<group>"; };
		646F58FB16A555B000704F45 /* AppDelegate.h */ = {isa = PBXFileReference; fileEncoding = 4; lastKnownFileType = sourcecode.c.h; path = AppDelegate.h; sourceTree = "<group>"; };
		646F58FC16A555B000704F45 /* AppDelegate.m */ = {isa = PBXFileReference; fileEncoding = 4; lastKnownFileType = sourcecode.c.objc; path = AppDelegate.m; sourceTree = "<group>"; };
		646F58FD16A555B000704F45 /* ViewController.h */ = {isa = PBXFileReference; fileEncoding = 4; lastKnownFileType = sourcecode.c.h; path = ViewController.h; sourceTree = "<group>"; };
		646F58FE16A555B000704F45 /* ViewController.m */ = {isa = PBXFileReference; fileEncoding = 4; lastKnownFileType = sourcecode.c.objc; path = ViewController.m; sourceTree = "<group>"; };
		646F590216A555B000704F45 /* IWController.c */ = {isa = PBXFileReference; fileEncoding = 4; lastKnownFileType = sourcecode.c.c; path = IWController.c; sourceTree = "<group>"; };
		646F590316A555B000704F45 /* IWController.h */ = {isa = PBXFileReference; fileEncoding = 4; lastKnownFileType = sourcecode.c.h; path = IWController.h; sourceTree = "<group>"; };
		646F590416A555B000704F45 /* IWPlayer.c */ = {isa = PBXFileReference; fileEncoding = 4; lastKnownFileType = sourcecode.c.c; path = IWPlayer.c; sourceTree = "<group>"; };
		646F590516A555B000704F45 /* IWPlayer.h */ = {isa = PBXFileReference; fileEncoding = 4; lastKnownFileType = sourcecode.c.h; path = IWPlayer.h; sourceTree = "<group>"; };
		646F590716A555B000704F45 /* IWGShaderProgram.c */ = {isa = PBXFileReference; fileEncoding = 4; lastKnownFileType = sourcecode.c.c; path = IWGShaderProgram.c; sourceTree = "<group>"; };
		646F590816A555B000704F45 /* IWGShaderProgram.h */ = {isa = PBXFileReference; fileEncoding = 4; lastKnownFileType = sourcecode.c.h; path = IWGShaderProgram.h; sourceTree = "<group>"; };
		646F590916A555B000704F45 /* IWGLighting.c */ = {isa = PBXFileReference; fileEncoding = 4; lastKnownFileType = sourcecode.c.c; path = IWGLighting.c; sourceTree = "<group>"; };
		646F590A16A555B000704F45 /* IWGLighting.h */ = {isa = PBXFileReference; fileEncoding = 4; lastKnownFileType = sourcecode.c.h; path = IWGLighting.h; sourceTree = "<group>"; };
		646F590C16A555B000704F45 /* IWMath.h */ = {isa = PBXFileReference; fileEncoding = 4; lastKnownFileType = sourcecode.c.h; path = IWMath.h; sourceTree = "<group>"; };
		646F590D16A555B000704F45 /* IWMathTypes.h */ = {isa = PBXFileReference; fileEncoding = 4; lastKnownFileType = sourcecode.c.h; path = IWMathTypes.h; sourceTree = "<group>"; };
		646F590E16A555B000704F45 /* IWVector3.h */ = {isa = PBXFileReference; fileEncoding = 4; lastKnownFileType = sourcecode.c.h; path = IWVector3.h; sourceTree = "<group>"; };
		646F590F16A555B000704F45 /* IWMathUtils.h */ = {isa = PBXFileReference; fileEncoding = 4; lastKnownFileType = sourcecode.c.h; path = IWMathUtils.h; sourceTree = "<group>"; };
		646F591516A555B000704F45 /* en */ = {isa = PBXFileReference; lastKnownFileType = text.plist.strings; name = en; path = en.lproj/InfoPlist.strings; sourceTree = "<group>"; };
		646F591A16A555B000704F45 /* main.m */ = {isa = PBXFileReference; fileEncoding = 4; lastKnownFileType = sourcecode.c.objc; path = main.m; sourceTree = "<group>"; };
		646F591B16A555B000704F45 /* ArchRunnerAlpha-Info.plist */ = {isa = PBXFileReference; fileEncoding = 4; lastKnownFileType = text.plist.xml; path = "ArchRunnerAlpha-Info.plist"; sourceTree = "<group>"; };
		646F591C16A555B000704F45 /* ArchRunnerAlpha-Prefix.pch */ = {isa = PBXFileReference; fileEncoding = 4; lastKnownFileType = sourcecode.c.h; path = "ArchRunnerAlpha-Prefix.pch"; sourceTree = "<group>"; };
		646F591E16A555B000704F45 /* BasicLightShader.fsh */ = {isa = PBXFileReference; fileEncoding = 4; lastKnownFileType = sourcecode.glsl; path = BasicLightShader.fsh; sourceTree = "<group>"; xcLanguageSpecificationIdentifier = xcode.lang.c; };
		646F591F16A555B000704F45 /* BasicLightShader.vsh */ = {isa = PBXFileReference; fileEncoding = 4; lastKnownFileType = sourcecode.glsl; path = BasicLightShader.vsh; sourceTree = "<group>"; xcLanguageSpecificationIdentifier = xcode.lang.c; };
		646F592016A555B000704F45 /* Shader.fsh */ = {isa = PBXFileReference; fileEncoding = 4; lastKnownFileType = sourcecode.glsl; path = Shader.fsh; sourceTree = "<group>"; };
		646F592116A555B000704F45 /* Shader.vsh */ = {isa = PBXFileReference; fileEncoding = 4; lastKnownFileType = sourcecode.glsl; path = Shader.vsh; sourceTree = "<group>"; };
		646F594216A56BF100704F45 /* MasterShader.vsh */ = {isa = PBXFileReference; fileEncoding = 4; lastKnownFileType = sourcecode.glsl; path = MasterShader.vsh; sourceTree = "<group>"; xcLanguageSpecificationIdentifier = xcode.lang.c; };
		646F594416A56C0200704F45 /* MasterShader.fsh */ = {isa = PBXFileReference; fileEncoding = 4; lastKnownFileType = sourcecode.glsl; path = MasterShader.fsh; sourceTree = "<group>"; xcLanguageSpecificationIdentifier = xcode.lang.c; };
		64765C1816AEC74B007E5C7A /* IWFuel.h */ = {isa = PBXFileReference; lastKnownFileType = sourcecode.c.h; path = IWFuel.h; sourceTree = "<group>"; };
		64765C1916AEC758007E5C7A /* IWFuel.c */ = {isa = PBXFileReference; fileEncoding = 4; lastKnownFileType = sourcecode.c.c; path = IWFuel.c; sourceTree = "<group>"; };
		64765C2416AFD8E9007E5C7A /* IWUIRectangleButton.c */ = {isa = PBXFileReference; fileEncoding = 4; lastKnownFileType = sourcecode.c.c; name = IWUIRectangleButton.c; path = IWUserInterface/IWUIRectangleButton.c; sourceTree = "<group>"; };
		64765C2516AFD8E9007E5C7A /* IWUIRectangleButton.h */ = {isa = PBXFileReference; fileEncoding = 4; lastKnownFileType = sourcecode.c.h; name = IWUIRectangleButton.h; path = IWUserInterface/IWUIRectangleButton.h; sourceTree = "<group>"; };
		64765C2616AFD8E9007E5C7A /* IWUIStateBar.c */ = {isa = PBXFileReference; fileEncoding = 4; lastKnownFileType = sourcecode.c.c; name = IWUIStateBar.c; path = IWUserInterface/IWUIStateBar.c; sourceTree = "<group>"; };
		64765C2716AFD8E9007E5C7A /* IWUIStateBar.h */ = {isa = PBXFileReference; fileEncoding = 4; lastKnownFileType = sourcecode.c.h; name = IWUIStateBar.h; path = IWUserInterface/IWUIStateBar.h; sourceTree = "<group>"; };
		64765C2B16B28488007E5C7A /* IWGBufferSubData.h */ = {isa = PBXFileReference; lastKnownFileType = sourcecode.c.h; path = IWGBufferSubData.h; sourceTree = "<group>"; };
		64765C2C16B28491007E5C7A /* IWGBufferSubData.c */ = {isa = PBXFileReference; fileEncoding = 4; lastKnownFileType = sourcecode.c.c; path = IWGBufferSubData.c; sourceTree = "<group>"; };
		64765C2E16B29D91007E5C7A /* IWGRingBuffer.h */ = {isa = PBXFileReference; lastKnownFileType = sourcecode.c.h; path = IWGRingBuffer.h; sourceTree = "<group>"; };
		64765C2F16B29D9C007E5C7A /* IWGRingBuffer.c */ = {isa = PBXFileReference; fileEncoding = 4; lastKnownFileType = sourcecode.c.c; path = IWGRingBuffer.c; sourceTree = "<group>"; };
		64822E5C1695E9BF003C5415 /* ArchRunnerAlpha.app */ = {isa = PBXFileReference; explicitFileType = wrapper.application; includeInIndex = 0; path = ArchRunnerAlpha.app; sourceTree = BUILT_PRODUCTS_DIR; };
		64822E601695E9BF003C5415 /* UIKit.framework */ = {isa = PBXFileReference; lastKnownFileType = wrapper.framework; name = UIKit.framework; path = System/Library/Frameworks/UIKit.framework; sourceTree = SDKROOT; };
		64822E621695E9BF003C5415 /* Foundation.framework */ = {isa = PBXFileReference; lastKnownFileType = wrapper.framework; name = Foundation.framework; path = System/Library/Frameworks/Foundation.framework; sourceTree = SDKROOT; };
		64822E641695E9BF003C5415 /* CoreGraphics.framework */ = {isa = PBXFileReference; lastKnownFileType = wrapper.framework; name = CoreGraphics.framework; path = System/Library/Frameworks/CoreGraphics.framework; sourceTree = SDKROOT; };
		64822E661695E9BF003C5415 /* GLKit.framework */ = {isa = PBXFileReference; lastKnownFileType = wrapper.framework; name = GLKit.framework; path = System/Library/Frameworks/GLKit.framework; sourceTree = SDKROOT; };
		64822E681695E9BF003C5415 /* OpenGLES.framework */ = {isa = PBXFileReference; lastKnownFileType = wrapper.framework; name = OpenGLES.framework; path = System/Library/Frameworks/OpenGLES.framework; sourceTree = SDKROOT; };
		64822EA8169DB8A8003C5415 /* CoreLocation.framework */ = {isa = PBXFileReference; lastKnownFileType = wrapper.framework; name = CoreLocation.framework; path = System/Library/Frameworks/CoreLocation.framework; sourceTree = SDKROOT; };
		64822EAA169DB901003C5415 /* CoreMotion.framework */ = {isa = PBXFileReference; lastKnownFileType = wrapper.framework; name = CoreMotion.framework; path = System/Library/Frameworks/CoreMotion.framework; sourceTree = SDKROOT; };
		648E756916A6B7E8004DE1A4 /* IWVector2.h */ = {isa = PBXFileReference; fileEncoding = 4; lastKnownFileType = sourcecode.c.h; path = IWVector2.h; sourceTree = "<group>"; xcLanguageSpecificationIdentifier = xcode.lang.c; };
		648E756B16A7F5B1004DE1A4 /* IWGeometry.h */ = {isa = PBXFileReference; lastKnownFileType = sourcecode.c.h; path = IWGeometry.h; sourceTree = "<group>"; };
		649894D316D780DF003148D2 /* GameKit.framework */ = {isa = PBXFileReference; lastKnownFileType = wrapper.framework; name = GameKit.framework; path = System/Library/Frameworks/GameKit.framework; sourceTree = SDKROOT; };
		64A2F02716B67CCC00655F68 /* IWVectorTransition.c */ = {isa = PBXFileReference; fileEncoding = 4; lastKnownFileType = sourcecode.c.c; path = IWVectorTransition.c; sourceTree = "<group>"; };
		64A2F02916B67CD800655F68 /* IWVectorTransition.h */ = {isa = PBXFileReference; lastKnownFileType = sourcecode.c.h; path = IWVectorTransition.h; sourceTree = "<group>"; };
		64A658F016DB49D6003F92C4 /* IWUISlider.h */ = {isa = PBXFileReference; lastKnownFileType = sourcecode.c.h; name = IWUISlider.h; path = IWUserInterface/IWUISlider.h; sourceTree = "<group>"; };
		64A6593316DC9AFA003F92C4 /* CoreData.framework */ = {isa = PBXFileReference; lastKnownFileType = wrapper.framework; name = CoreData.framework; path = System/Library/Frameworks/CoreData.framework; sourceTree = SDKROOT; };
		64A6593616DCA3DF003F92C4 /* CoreDataObjectModel.xcdatamodel */ = {isa = PBXFileReference; lastKnownFileType = wrapper.xcdatamodel; path = CoreDataObjectModel.xcdatamodel; sourceTree = "<group>"; };
		64A6593B16DCA9BB003F92C4 /* Achievement.h */ = {isa = PBXFileReference; fileEncoding = 4; lastKnownFileType = sourcecode.c.h; path = Achievement.h; sourceTree = "<group>"; };
		64A6593C16DCA9BB003F92C4 /* Achievement.m */ = {isa = PBXFileReference; fileEncoding = 4; lastKnownFileType = sourcecode.c.objc; path = Achievement.m; sourceTree = "<group>"; };
		64A6593E16DCA9C5003F92C4 /* AchievementTracker.h */ = {isa = PBXFileReference; fileEncoding = 4; lastKnownFileType = sourcecode.c.h; path = AchievementTracker.h; sourceTree = "<group>"; };
		64A6593F16DCA9C5003F92C4 /* AchievementTracker.m */ = {isa = PBXFileReference; fileEncoding = 4; lastKnownFileType = sourcecode.c.objc; path = AchievementTracker.m; sourceTree = "<group>"; };
		64A6594116DCCAFC003F92C4 /* AchievementController.h */ = {isa = PBXFileReference; fileEncoding = 4; lastKnownFileType = sourcecode.c.h; path = AchievementController.h; sourceTree = "<group>"; };
		64A6594216DCCAFC003F92C4 /* AchievementController.m */ = {isa = PBXFileReference; fileEncoding = 4; lastKnownFileType = sourcecode.c.objc; path = AchievementController.m; sourceTree = "<group>"; };
		64A6594416DF52EC003F92C4 /* IWUserInterfaceController.h */ = {isa = PBXFileReference; lastKnownFileType = sourcecode.c.h; name = IWUserInterfaceController.h; path = IWUserInterface/IWUserInterfaceController.h; sourceTree = "<group>"; };
		64C0386116CB65A000C4F491 /* IWGSkyBoxController.h */ = {isa = PBXFileReference; lastKnownFileType = sourcecode.c.h; path = IWGSkyBoxController.h; sourceTree = "<group>"; };
		64C0386216CB65AB00C4F491 /* IWGSkyBoxController.c */ = {isa = PBXFileReference; fileEncoding = 4; lastKnownFileType = sourcecode.c.c; path = IWGSkyBoxController.c; sourceTree = "<group>"; };
		64C0386416CB8E9700C4F491 /* MasterShader2.vsh */ = {isa = PBXFileReference; fileEncoding = 4; lastKnownFileType = sourcecode.glsl; path = MasterShader2.vsh; sourceTree = "<group>"; xcLanguageSpecificationIdentifier = xcode.lang.c; };
		64C0386616CB8E9F00C4F491 /* MasterShader2.fsh */ = {isa = PBXFileReference; fileEncoding = 4; lastKnownFileType = sourcecode.glsl; path = MasterShader2.fsh; sourceTree = "<group>"; xcLanguageSpecificationIdentifier = xcode.lang.c; };
		64E11D3616E4C0D50016FA34 /* IWUserInterfaceController.c */ = {isa = PBXFileReference; fileEncoding = 4; lastKnownFileType = sourcecode.c.c; name = IWUserInterfaceController.c; path = IWUserInterface/IWUserInterfaceController.c; sourceTree = "<group>"; };
		64E11D3816E4C0E20016FA34 /* IWUISlider.c */ = {isa = PBXFileReference; fileEncoding = 4; lastKnownFileType = sourcecode.c.c; name = IWUISlider.c; path = IWUserInterface/IWUISlider.c; sourceTree = "<group>"; };
		64E11D3A16E4C6E00016FA34 /* IWCubeController.h */ = {isa = PBXFileReference; lastKnownFileType = sourcecode.c.h; path = IWCubeController.h; sourceTree = "<group>"; };
		64E11D3B16E4C6EB0016FA34 /* IWCubeController.c */ = {isa = PBXFileReference; fileEncoding = 4; lastKnownFileType = sourcecode.c.c; path = IWCubeController.c; sourceTree = "<group>"; };
		64E11D3D16E5E2770016FA34 /* Default.png */ = {isa = PBXFileReference; lastKnownFileType = image.png; name = Default.png; path = ../Default.png; sourceTree = "<group>"; };
		64E11D3F16E5E27D0016FA34 /* Default@2x.png */ = {isa = PBXFileReference; lastKnownFileType = image.png; name = "Default@2x.png"; path = "../Default@2x.png"; sourceTree = "<group>"; };
		64E11D4116E5E2840016FA34 /* Default-568h@2x.png */ = {isa = PBXFileReference; lastKnownFileType = image.png; name = "Default-568h@2x.png"; path = "../Default-568h@2x.png"; sourceTree = "<group>"; };
		64F25EFA16CF74F300EC3E78 /* MainShader.vsh */ = {isa = PBXFileReference; fileEncoding = 4; lastKnownFileType = sourcecode.glsl; path = MainShader.vsh; sourceTree = "<group>"; };
		64F25EFC16CF750A00EC3E78 /* MainShader.fsh */ = {isa = PBXFileReference; fileEncoding = 4; lastKnownFileType = sourcecode.glsl; path = MainShader.fsh; sourceTree = "<group>"; };
		64F25F0016CF78BE00EC3E78 /* TextShader.vsh */ = {isa = PBXFileReference; fileEncoding = 4; lastKnownFileType = sourcecode.glsl; path = TextShader.vsh; sourceTree = "<group>"; };
		64F25F0216CF78C700EC3E78 /* TextShader.fsh */ = {isa = PBXFileReference; fileEncoding = 4; lastKnownFileType = sourcecode.glsl; path = TextShader.fsh; sourceTree = "<group>"; };
		64F25F0616CF821900EC3E78 /* SkyboxShader.vsh */ = {isa = PBXFileReference; lastKnownFileType = sourcecode.glsl; path = SkyboxShader.vsh; sourceTree = "<group>"; };
		64F25F0716CF822500EC3E78 /* SkyboxShader.fsh */ = {isa = PBXFileReference; fileEncoding = 4; lastKnownFileType = sourcecode.glsl; path = SkyboxShader.fsh; sourceTree = "<group>"; };
		64F25F0B16CF8AA400EC3E78 /* UIShader.vsh */ = {isa = PBXFileReference; lastKnownFileType = sourcecode.glsl; path = UIShader.vsh; sourceTree = "<group>"; };
		64F25F0C16CF8AAE00EC3E78 /* UIShader.fsh */ = {isa = PBXFileReference; lastKnownFileType = sourcecode.glsl; path = UIShader.fsh; sourceTree = "<group>"; };
		64F25F0F16D14F2800EC3E78 /* 01Vladivostok.mp3 */ = {isa = PBXFileReference; lastKnownFileType = audio.mp3; path = 01Vladivostok.mp3; sourceTree = "<group>"; };
		64F25F1316D1500400EC3E78 /* AVFoundation.framework */ = {isa = PBXFileReference; lastKnownFileType = wrapper.framework; name = AVFoundation.framework; path = System/Library/Frameworks/AVFoundation.framework; sourceTree = SDKROOT; };
		64F25F1516D386D100EC3E78 /* IWCubeStatus.h */ = {isa = PBXFileReference; lastKnownFileType = sourcecode.c.h; path = IWCubeStatus.h; sourceTree = "<group>"; };
		64F25F1616D386D800EC3E78 /* IWCubeStatus.c */ = {isa = PBXFileReference; fileEncoding = 4; lastKnownFileType = sourcecode.c.c; path = IWCubeStatus.c; sourceTree = "<group>"; };
		64F25F2016D3AD8100EC3E78 /* Icon.png */ = {isa = PBXFileReference; lastKnownFileType = image.png; name = Icon.png; path = ../Icon.png; sourceTree = "<group>"; };
		64F25F2216D3AD8500EC3E78 /* Icon@x2.png */ = {isa = PBXFileReference; lastKnownFileType = image.png; name = "Icon@x2.png"; path = "../Icon@x2.png"; sourceTree = "<group>"; };
		64F25F2416D3AD9600EC3E78 /* Icon-72.png */ = {isa = PBXFileReference; lastKnownFileType = image.png; name = "Icon-72.png"; path = "../Icon-72.png"; sourceTree = "<group>"; };
		64F25F2616D3AD9900EC3E78 /* Icon-72@x2.png */ = {isa = PBXFileReference; lastKnownFileType = image.png; name = "Icon-72@x2.png"; path = "../Icon-72@x2.png"; sourceTree = "<group>"; };
		64F25F2816D3BA9B00EC3E78 /* fontmap01.png */ = {isa = PBXFileReference; lastKnownFileType = image.png; name = fontmap01.png; path = FontMaps/fontmap01.png; sourceTree = "<group>"; };
		64F25F2916D3BA9B00EC3E78 /* fontmap02.png */ = {isa = PBXFileReference; lastKnownFileType = image.png; name = fontmap02.png; path = FontMaps/fontmap02.png; sourceTree = "<group>"; };
		64F25F2A16D3BA9B00EC3E78 /* fontmap02.txt */ = {isa = PBXFileReference; fileEncoding = 4; lastKnownFileType = text; name = fontmap02.txt; path = FontMaps/fontmap02.txt; sourceTree = "<group>"; };
		64F25F2E16D3BAEC00EC3E78 /* IWUIDefinitions.h */ = {isa = PBXFileReference; fileEncoding = 4; lastKnownFileType = sourcecode.c.h; name = IWUIDefinitions.h; path = IWUserInterface/IWUIDefinitions.h; sourceTree = "<group>"; };
		64F25F2F16D3BAF600EC3E78 /* IWUserInterface.h */ = {isa = PBXFileReference; fileEncoding = 4; lastKnownFileType = sourcecode.c.h; name = IWUserInterface.h; path = IWUserInterface/IWUserInterface.h; sourceTree = "<group>"; };
		64F25F3016D3CEB200EC3E78 /* IWUIMenuItem.h */ = {isa = PBXFileReference; lastKnownFileType = sourcecode.c.h; name = IWUIMenuItem.h; path = IWUserInterface/IWUIMenuItem.h; sourceTree = "<group>"; };
		64F25F3316D3CEE900EC3E78 /* IWUIMenuItem.c */ = {isa = PBXFileReference; fileEncoding = 4; lastKnownFileType = sourcecode.c.c; name = IWUIMenuItem.c; path = IWUserInterface/IWUIMenuItem.c; sourceTree = "<group>"; };
		64F25F3516D3CF0B00EC3E78 /* IWUIMenuPage.h */ = {isa = PBXFileReference; lastKnownFileType = sourcecode.c.h; name = IWUIMenuPage.h; path = IWUserInterface/IWUIMenuPage.h; sourceTree = "<group>"; };
		64F25F3616D3CF1900EC3E78 /* IWUIMenuPage.c */ = {isa = PBXFileReference; fileEncoding = 4; lastKnownFileType = sourcecode.c.c; name = IWUIMenuPage.c; path = IWUserInterface/IWUIMenuPage.c; sourceTree = "<group>"; };
		64F25F3816D3CF2D00EC3E78 /* IWUIMenuPresenter.h */ = {isa = PBXFileReference; lastKnownFileType = sourcecode.c.h; name = IWUIMenuPresenter.h; path = IWUserInterface/IWUIMenuPresenter.h; sourceTree = "<group>"; };
		64F25F3916D3CF4300EC3E78 /* IWUIMenuPresenter.c */ = {isa = PBXFileReference; fileEncoding = 4; lastKnownFileType = sourcecode.c.c; name = IWUIMenuPresenter.c; path = IWUserInterface/IWUIMenuPresenter.c; sourceTree = "<group>"; };
		64F25F4016D5125700EC3E78 /* IWUIMenuController.h */ = {isa = PBXFileReference; lastKnownFileType = sourcecode.c.h; name = IWUIMenuController.h; path = IWUserInterface/IWUIMenuController.h; sourceTree = "<group>"; };
		64F25F4116D5126A00EC3E78 /* IWUIMenuController.c */ = {isa = PBXFileReference; fileEncoding = 4; lastKnownFileType = sourcecode.c.c; name = IWUIMenuController.c; path = IWUserInterface/IWUIMenuController.c; sourceTree = "<group>"; };
		64F4209016C4E2E100121DE6 /* IWGTextField.h */ = {isa = PBXFileReference; lastKnownFileType = sourcecode.c.h; path = IWGTextField.h; sourceTree = "<group>"; };
		64F4209116C4E2E900121DE6 /* IWGTextField.c */ = {isa = PBXFileReference; fileEncoding = 4; lastKnownFileType = sourcecode.c.c; path = IWGTextField.c; sourceTree = "<group>"; };
		64F4209316C50C1200121DE6 /* IWScoreCounter.h */ = {isa = PBXFileReference; lastKnownFileType = sourcecode.c.h; path = IWScoreCounter.h; sourceTree = "<group>"; };
		64F4209416C50C1B00121DE6 /* IWScoreCounter.c */ = {isa = PBXFileReference; fileEncoding = 4; lastKnownFileType = sourcecode.c.c; path = IWScoreCounter.c; sourceTree = "<group>"; };
/* End PBXFileReference section */

/* Begin PBXFrameworksBuildPhase section */
		6437583716BBF2D600FD222E /* Frameworks */ = {
			isa = PBXFrameworksBuildPhase;
			buildActionMask = 2147483647;
			files = (
				6437583D16BBF2D600FD222E /* SenTestingKit.framework in Frameworks */,
				6437583E16BBF2D600FD222E /* UIKit.framework in Frameworks */,
				6437583F16BBF2D600FD222E /* Foundation.framework in Frameworks */,
			);
			runOnlyForDeploymentPostprocessing = 0;
		};
		64822E591695E9BF003C5415 /* Frameworks */ = {
			isa = PBXFrameworksBuildPhase;
			buildActionMask = 2147483647;
			files = (
				64A6593416DC9AFA003F92C4 /* CoreData.framework in Frameworks */,
				649894D416D780DF003148D2 /* GameKit.framework in Frameworks */,
				64F25F1416D1500400EC3E78 /* AVFoundation.framework in Frameworks */,
				64822EAB169DB901003C5415 /* CoreMotion.framework in Frameworks */,
				64822EA9169DB8A8003C5415 /* CoreLocation.framework in Frameworks */,
				64822E611695E9BF003C5415 /* UIKit.framework in Frameworks */,
				64822E631695E9BF003C5415 /* Foundation.framework in Frameworks */,
				64822E651695E9BF003C5415 /* CoreGraphics.framework in Frameworks */,
				64822E671695E9BF003C5415 /* GLKit.framework in Frameworks */,
				64822E691695E9BF003C5415 /* OpenGLES.framework in Frameworks */,
			);
			runOnlyForDeploymentPostprocessing = 0;
		};
/* End PBXFrameworksBuildPhase section */

/* Begin PBXGroup section */
		641AC1CA16C254B600DDD2EB /* FontMaps */ = {
			isa = PBXGroup;
			children = (
				641AC1CB16C2550600DDD2EB /* fontmap01.txt */,
				64F25F2816D3BA9B00EC3E78 /* fontmap01.png */,
				64F25F2916D3BA9B00EC3E78 /* fontmap02.png */,
				64F25F2A16D3BA9B00EC3E78 /* fontmap02.txt */,
			);
			name = FontMaps;
			sourceTree = "<group>";
		};
		641E0D7116A8310F0077785D /* IWTools */ = {
			isa = PBXGroup;
			children = (
				641E0D7216A831320077785D /* IWFileTools.h */,
				641E0D7316A8313F0077785D /* IWFileTools.c */,
			);
			name = IWTools;
			sourceTree = "<group>";
		};
		641E0D7E16A965EF0077785D /* IWAnimation */ = {
			isa = PBXGroup;
			children = (
				641E0D7D16A965E90077785D /* IWColorTransition.h */,
				641E0D7F16A9662D0077785D /* IWColorTransition.c */,
			);
			name = IWAnimation;
			sourceTree = "<group>";
		};
		641E0D8316AAF8E00077785D /* IWUserInterface */ = {
			isa = PBXGroup;
			children = (
				64F25F2E16D3BAEC00EC3E78 /* IWUIDefinitions.h */,
				64F25F2F16D3BAF600EC3E78 /* IWUserInterface.h */,
				641E0D8416AAF9170077785D /* IWUIElement.h */,
				641E0D8116AAF8D80077785D /* IWUIElement.c */,
				64765C2516AFD8E9007E5C7A /* IWUIRectangleButton.h */,
				64765C2416AFD8E9007E5C7A /* IWUIRectangleButton.c */,
				64765C2716AFD8E9007E5C7A /* IWUIStateBar.h */,
				64765C2616AFD8E9007E5C7A /* IWUIStateBar.c */,
				64F25F3016D3CEB200EC3E78 /* IWUIMenuItem.h */,
				64F25F3316D3CEE900EC3E78 /* IWUIMenuItem.c */,
				64F25F3516D3CF0B00EC3E78 /* IWUIMenuPage.h */,
				64F25F3616D3CF1900EC3E78 /* IWUIMenuPage.c */,
				64F25F3816D3CF2D00EC3E78 /* IWUIMenuPresenter.h */,
				64F25F3916D3CF4300EC3E78 /* IWUIMenuPresenter.c */,
				64F25F4016D5125700EC3E78 /* IWUIMenuController.h */,
				64F25F4116D5126A00EC3E78 /* IWUIMenuController.c */,
				64A658F016DB49D6003F92C4 /* IWUISlider.h */,
				64E11D3816E4C0E20016FA34 /* IWUISlider.c */,
				64A6594416DF52EC003F92C4 /* IWUserInterfaceController.h */,
				64E11D3616E4C0D50016FA34 /* IWUserInterfaceController.c */,
			);
			name = IWUserInterface;
			sourceTree = "<group>";
		};
		6437584016BBF2D700FD222E /* theBr1dgeTest */ = {
			isa = PBXGroup;
			children = (
				6437584616BBF2D700FD222E /* ArchRunnerAlphaTest.h */,
				6437584716BBF2D700FD222E /* ArchRunnerAlphaTest.m */,
				6437584116BBF2D700FD222E /* Supporting Files */,
			);
			path = theBr1dgeTest;
			sourceTree = "<group>";
		};
		6437584116BBF2D700FD222E /* Supporting Files */ = {
			isa = PBXGroup;
			children = (
				6437584216BBF2D700FD222E /* ArchRunnerAlphaTest-Info.plist */,
				6437584316BBF2D700FD222E /* InfoPlist.strings */,
				6437584916BBF2D700FD222E /* ArchRunnerAlphaTest-Prefix.pch */,
			);
			name = "Supporting Files";
			sourceTree = "<group>";
		};
		646F58F816A555B000704F45 /* ArchRunnerAlpha */ = {
			isa = PBXGroup;
			children = (
				641E0D8316AAF8E00077785D /* IWUserInterface */,
				641E0D7E16A965EF0077785D /* IWAnimation */,
				646F58FA16A555B000704F45 /* iOS */,
				646F58FF16A555B000704F45 /* IWGame */,
				646F590616A555B000704F45 /* IWGRenderer */,
				646F590B16A555B000704F45 /* IWMath */,
				641E0D7116A8310F0077785D /* IWTools */,
				646F591D16A555B000704F45 /* Shaders */,
				641AC1CA16C254B600DDD2EB /* FontMaps */,
				646F591016A555B000704F45 /* Misc */,
			);
			name = ArchRunnerAlpha;
			sourceTree = "<group>";
		};
		646F58FA16A555B000704F45 /* iOS */ = {
			isa = PBXGroup;
			children = (
				646F58FB16A555B000704F45 /* AppDelegate.h */,
				646F58FC16A555B000704F45 /* AppDelegate.m */,
				646F58FD16A555B000704F45 /* ViewController.h */,
				646F58FE16A555B000704F45 /* ViewController.m */,
				64A6593516DCA3DF003F92C4 /* CoreDataObjectModel.xcdatamodeld */,
				64A6593E16DCA9C5003F92C4 /* AchievementTracker.h */,
				64A6593F16DCA9C5003F92C4 /* AchievementTracker.m */,
				64A6593B16DCA9BB003F92C4 /* Achievement.h */,
				64A6593C16DCA9BB003F92C4 /* Achievement.m */,
				64A6594116DCCAFC003F92C4 /* AchievementController.h */,
				64A6594216DCCAFC003F92C4 /* AchievementController.m */,
			);
			path = iOS;
			sourceTree = "<group>";
		};
		646F58FF16A555B000704F45 /* IWGame */ = {
			isa = PBXGroup;
			children = (
				641E0D7716A840DE0077785D /* IWGameData.h */,
				641E0D7816A844650077785D /* IWGame.h */,
				641E0D7916A844710077785D /* IWGame.c */,
				641E0D8716AD69680077785D /* IWCube.h */,
				641E0D8816AD69720077785D /* IWCube.c */,
				64E11D3A16E4C6E00016FA34 /* IWCubeController.h */,
				64E11D3B16E4C6EB0016FA34 /* IWCubeController.c */,
				646F590316A555B000704F45 /* IWController.h */,
				646F590216A555B000704F45 /* IWController.c */,
				646F590516A555B000704F45 /* IWPlayer.h */,
				646F590416A555B000704F45 /* IWPlayer.c */,
				64765C1816AEC74B007E5C7A /* IWFuel.h */,
				64765C1916AEC758007E5C7A /* IWFuel.c */,
				6437583216B97CB400FD222E /* IWTimer.h */,
				6437582F16B97CAD00FD222E /* IWTimer.c */,
				6437583516B97FAE00FD222E /* IWIndexList.h */,
				6437583316B97FA600FD222E /* IWIndexList.c */,
				64F4209316C50C1200121DE6 /* IWScoreCounter.h */,
				64F4209416C50C1B00121DE6 /* IWScoreCounter.c */,
				6404C90316D6239C005900FA /* IWScorePresenter.h */,
				6404C90416D623AC005900FA /* IWScorePresenter.c */,
				64F25F1516D386D100EC3E78 /* IWCubeStatus.h */,
				64F25F1616D386D800EC3E78 /* IWCubeStatus.c */,
				6406401D16E49A0D0019CAC3 /* IWTutorialController.h */,
				6406401B16E49A010019CAC3 /* IWTutorialController.c */,
				64086BAF16EA1861000B1E76 /* IWStartMenuController.h */,
				64086BB016EA186B000B1E76 /* IWStartMenuController.c */,
				6406401E16E4BFFD0019CAC3 /* IWTutorialStage.h */,
				6406402116E4C02E0019CAC3 /* IWTutorialStage.c */,
			);
			path = IWGame;
			sourceTree = "<group>";
		};
		646F590616A555B000704F45 /* IWGRenderer */ = {
			isa = PBXGroup;
			children = (
				641E0D6E16A8094C0077785D /* IWGRenderer.h */,
				641E0D6F16A809560077785D /* IWGRenderer.c */,
				646F590816A555B000704F45 /* IWGShaderProgram.h */,
				646F590716A555B000704F45 /* IWGShaderProgram.c */,
				646F590A16A555B000704F45 /* IWGLighting.h */,
				646F590916A555B000704F45 /* IWGLighting.c */,
				64765C2E16B29D91007E5C7A /* IWGRingBuffer.h */,
				64765C2F16B29D9C007E5C7A /* IWGRingBuffer.c */,
				64765C2B16B28488007E5C7A /* IWGBufferSubData.h */,
				64765C2C16B28491007E5C7A /* IWGBufferSubData.c */,
				641E0D8A16AD6D680077785D /* IWGPrimitiveBuffer.h */,
				641E0D8B16AD6D740077785D /* IWGPrimitiveBuffer.c */,
				641AC1BE16C11F7500DDD2EB /* IWGCircle.h */,
				641AC1BF16C11F8200DDD2EB /* IWGCircle.c */,
				64F4209016C4E2E100121DE6 /* IWGTextField.h */,
				64F4209116C4E2E900121DE6 /* IWGTextField.c */,
				641AC1C416C2501800DDD2EB /* IWGFontMap.h */,
				641AC1C516C2502100DDD2EB /* IWGFontMap.c */,
				641AC1C316C24F2000DDD2EB /* IWGFontMapEntry.h */,
				641AC1C116C24F1300DDD2EB /* IWGFontMapEntry.c */,
				64C0386116CB65A000C4F491 /* IWGSkyBoxController.h */,
				64C0386216CB65AB00C4F491 /* IWGSkyBoxController.c */,
			);
			path = IWGRenderer;
			sourceTree = "<group>";
		};
		646F590B16A555B000704F45 /* IWMath */ = {
			isa = PBXGroup;
			children = (
				64A2F02916B67CD800655F68 /* IWVectorTransition.h */,
				64A2F02716B67CCC00655F68 /* IWVectorTransition.c */,
				648E756B16A7F5B1004DE1A4 /* IWGeometry.h */,
				641E0D6A16A7FE0A0077785D /* IWGeometry.c */,
				646F590C16A555B000704F45 /* IWMath.h */,
				646F590D16A555B000704F45 /* IWMathTypes.h */,
				648E756916A6B7E8004DE1A4 /* IWVector2.h */,
				646F590E16A555B000704F45 /* IWVector3.h */,
				641E0D7B16A962580077785D /* IWVector4.h */,
				643D9EF816C7998F005627AB /* IWMatrix4.h */,
				643D9EF916C7A168005627AB /* IWMatrix4.c */,
				646F590F16A555B000704F45 /* IWMathUtils.h */,
			);
			path = IWMath;
			sourceTree = "<group>";
		};
		646F591016A555B000704F45 /* Misc */ = {
			isa = PBXGroup;
			children = (
				64E11D4116E5E2840016FA34 /* Default-568h@2x.png */,
				64E11D3F16E5E27D0016FA34 /* Default@2x.png */,
				64E11D3D16E5E2770016FA34 /* Default.png */,
				64F25F0F16D14F2800EC3E78 /* 01Vladivostok.mp3 */,
				64F25F2616D3AD9900EC3E78 /* Icon-72@x2.png */,
				64F25F2416D3AD9600EC3E78 /* Icon-72.png */,
				64F25F2216D3AD8500EC3E78 /* Icon@x2.png */,
				64F25F2016D3AD8100EC3E78 /* Icon.png */,
				646F591416A555B000704F45 /* InfoPlist.strings */,
				646F591A16A555B000704F45 /* main.m */,
				646F591B16A555B000704F45 /* ArchRunnerAlpha-Info.plist */,
				646F591C16A555B000704F45 /* ArchRunnerAlpha-Prefix.pch */,
			);
			path = Misc;
			sourceTree = "<group>";
		};
		646F591D16A555B000704F45 /* Shaders */ = {
			isa = PBXGroup;
			children = (
				64C0386416CB8E9700C4F491 /* MasterShader2.vsh */,
				64C0386616CB8E9F00C4F491 /* MasterShader2.fsh */,
				64F25EFA16CF74F300EC3E78 /* MainShader.vsh */,
				64F25EFC16CF750A00EC3E78 /* MainShader.fsh */,
				64F25F0016CF78BE00EC3E78 /* TextShader.vsh */,
				64F25F0216CF78C700EC3E78 /* TextShader.fsh */,
				64F25F0616CF821900EC3E78 /* SkyboxShader.vsh */,
				64F25F0716CF822500EC3E78 /* SkyboxShader.fsh */,
				64F25F0B16CF8AA400EC3E78 /* UIShader.vsh */,
				64F25F0C16CF8AAE00EC3E78 /* UIShader.fsh */,
				646F594216A56BF100704F45 /* MasterShader.vsh */,
				646F594416A56C0200704F45 /* MasterShader.fsh */,
				646F591F16A555B000704F45 /* BasicLightShader.vsh */,
				646F591E16A555B000704F45 /* BasicLightShader.fsh */,
				646F592116A555B000704F45 /* Shader.vsh */,
				646F592016A555B000704F45 /* Shader.fsh */,
			);
			path = Shaders;
			sourceTree = "<group>";
		};
		64822E511695E9BF003C5415 = {
			isa = PBXGroup;
			children = (
				646F58F816A555B000704F45 /* ArchRunnerAlpha */,
				6437584016BBF2D700FD222E /* theBr1dgeTest */,
				64822E5F1695E9BF003C5415 /* Frameworks */,
				64822E5D1695E9BF003C5415 /* Products */,
			);
			sourceTree = "<group>";
		};
		64822E5D1695E9BF003C5415 /* Products */ = {
			isa = PBXGroup;
			children = (
				64822E5C1695E9BF003C5415 /* ArchRunnerAlpha.app */,
				6437583B16BBF2D600FD222E /* ArchRunnerAlphaTest.octest */,
			);
			name = Products;
			sourceTree = "<group>";
		};
		64822E5F1695E9BF003C5415 /* Frameworks */ = {
			isa = PBXGroup;
			children = (
				64A6593316DC9AFA003F92C4 /* CoreData.framework */,
				649894D316D780DF003148D2 /* GameKit.framework */,
				64F25F1316D1500400EC3E78 /* AVFoundation.framework */,
				64822EAA169DB901003C5415 /* CoreMotion.framework */,
				64822EA8169DB8A8003C5415 /* CoreLocation.framework */,
				64822E601695E9BF003C5415 /* UIKit.framework */,
				64822E621695E9BF003C5415 /* Foundation.framework */,
				64822E641695E9BF003C5415 /* CoreGraphics.framework */,
				64822E661695E9BF003C5415 /* GLKit.framework */,
				64822E681695E9BF003C5415 /* OpenGLES.framework */,
				6437583C16BBF2D600FD222E /* SenTestingKit.framework */,
			);
			name = Frameworks;
			sourceTree = "<group>";
		};
/* End PBXGroup section */

/* Begin PBXNativeTarget section */
		6437583A16BBF2D600FD222E /* ArchRunnerAlphaTest */ = {
			isa = PBXNativeTarget;
			buildConfigurationList = 6437584A16BBF2D700FD222E /* Build configuration list for PBXNativeTarget "ArchRunnerAlphaTest" */;
			buildPhases = (
				6437583616BBF2D600FD222E /* Sources */,
				6437583716BBF2D600FD222E /* Frameworks */,
				6437583816BBF2D600FD222E /* Resources */,
				6437583916BBF2D600FD222E /* ShellScript */,
			);
			buildRules = (
			);
			dependencies = (
			);
			name = ArchRunnerAlphaTest;
			productName = theBr1dgeTest;
			productReference = 6437583B16BBF2D600FD222E /* ArchRunnerAlphaTest.octest */;
			productType = "com.apple.product-type.bundle";
		};
		64822E5B1695E9BF003C5415 /* ArchRunnerAlpha */ = {
			isa = PBXNativeTarget;
			buildConfigurationList = 64822E8B1695E9BF003C5415 /* Build configuration list for PBXNativeTarget "ArchRunnerAlpha" */;
			buildPhases = (
				64822E581695E9BF003C5415 /* Sources */,
				64822E591695E9BF003C5415 /* Frameworks */,
				64822E5A1695E9BF003C5415 /* Resources */,
			);
			buildRules = (
			);
			dependencies = (
			);
			name = ArchRunnerAlpha;
			productName = gameone;
			productReference = 64822E5C1695E9BF003C5415 /* ArchRunnerAlpha.app */;
			productType = "com.apple.product-type.application";
		};
/* End PBXNativeTarget section */

/* Begin PBXProject section */
		64822E531695E9BF003C5415 /* Project object */ = {
			isa = PBXProject;
			attributes = {
				LastUpgradeCheck = 0450;
				ORGANIZATIONNAME = "Martin Raue";
			};
			buildConfigurationList = 64822E561695E9BF003C5415 /* Build configuration list for PBXProject "ArchRunnerAlpha" */;
			compatibilityVersion = "Xcode 3.2";
			developmentRegion = English;
			hasScannedForEncodings = 0;
			knownRegions = (
				en,
			);
			mainGroup = 64822E511695E9BF003C5415;
			productRefGroup = 64822E5D1695E9BF003C5415 /* Products */;
			projectDirPath = "";
			projectRoot = "";
			targets = (
				64822E5B1695E9BF003C5415 /* ArchRunnerAlpha */,
				6437583A16BBF2D600FD222E /* ArchRunnerAlphaTest */,
			);
		};
/* End PBXProject section */

/* Begin PBXResourcesBuildPhase section */
		6437583816BBF2D600FD222E /* Resources */ = {
			isa = PBXResourcesBuildPhase;
			buildActionMask = 2147483647;
			files = (
				6437584516BBF2D700FD222E /* InfoPlist.strings in Resources */,
				641AC1CD16C257D200DDD2EB /* fontmap01.txt in Resources */,
			);
			runOnlyForDeploymentPostprocessing = 0;
		};
		64822E5A1695E9BF003C5415 /* Resources */ = {
			isa = PBXResourcesBuildPhase;
			buildActionMask = 2147483647;
			files = (
				64F25F1016D14F3A00EC3E78 /* 01Vladivostok.mp3 in Resources */,
				646F593016A555B000704F45 /* InfoPlist.strings in Resources */,
				646F593916A5572E00704F45 /* BasicLightShader.fsh in Resources */,
				646F593A16A5573100704F45 /* BasicLightShader.vsh in Resources */,
				646F593B16A5573400704F45 /* Shader.fsh in Resources */,
				646F593C16A5573800704F45 /* Shader.vsh in Resources */,
				646F594316A56BF100704F45 /* MasterShader.vsh in Resources */,
				64C0386816CB963800C4F491 /* MasterShader2.vsh in Resources */,
				64C0386916CB963A00C4F491 /* MasterShader2.fsh in Resources */,
				64F25EFE16CF752600EC3E78 /* MainShader.vsh in Resources */,
				64F25EFF16CF752B00EC3E78 /* MainShader.fsh in Resources */,
				64F25F0416CF78EB00EC3E78 /* TextShader.vsh in Resources */,
				64F25F0516CF78F900EC3E78 /* TextShader.fsh in Resources */,
				64F25F0916CF823700EC3E78 /* SkyboxShader.vsh in Resources */,
				64F25F0A16CF823B00EC3E78 /* SkyboxShader.fsh in Resources */,
				64F25F0D16CF8B0F00EC3E78 /* UIShader.vsh in Resources */,
				64F25F0E16CF8B1200EC3E78 /* UIShader.fsh in Resources */,
				641AC1CC16C2550600DDD2EB /* fontmap01.txt in Resources */,
				64F25F2116D3AD8200EC3E78 /* Icon.png in Resources */,
				64F25F2316D3AD8500EC3E78 /* Icon@x2.png in Resources */,
				64F25F2516D3AD9700EC3E78 /* Icon-72.png in Resources */,
				64F25F2716D3AD9A00EC3E78 /* Icon-72@x2.png in Resources */,
				64F25F2B16D3BA9B00EC3E78 /* fontmap01.png in Resources */,
				64F25F2C16D3BA9B00EC3E78 /* fontmap02.png in Resources */,
				64F25F2D16D3BA9B00EC3E78 /* fontmap02.txt in Resources */,
				64E11D3E16E5E2770016FA34 /* Default.png in Resources */,
				64E11D4016E5E27D0016FA34 /* Default@2x.png in Resources */,
				64E11D4216E5E2840016FA34 /* Default-568h@2x.png in Resources */,
			);
			runOnlyForDeploymentPostprocessing = 0;
		};
/* End PBXResourcesBuildPhase section */

/* Begin PBXShellScriptBuildPhase section */
		6437583916BBF2D600FD222E /* ShellScript */ = {
			isa = PBXShellScriptBuildPhase;
			buildActionMask = 2147483647;
			files = (
			);
			inputPaths = (
			);
			outputPaths = (
			);
			runOnlyForDeploymentPostprocessing = 0;
			shellPath = /bin/sh;
			shellScript = "# Run the unit tests in this test bundle.\n\"${SYSTEM_DEVELOPER_DIR}/Tools/RunUnitTests\"\n";
		};
/* End PBXShellScriptBuildPhase section */

/* Begin PBXSourcesBuildPhase section */
		6437583616BBF2D600FD222E /* Sources */ = {
			isa = PBXSourcesBuildPhase;
			buildActionMask = 2147483647;
			files = (
				6437584816BBF2D700FD222E /* ArchRunnerAlphaTest.m in Sources */,
				6437584D16BBF76E00FD222E /* IWIndexList.c in Sources */,
				641AC1CE16C257FA00DDD2EB /* IWGFontMapEntry.c in Sources */,
				641AC1CF16C257FE00DDD2EB /* IWGFontMap.c in Sources */,
				641AC1D016C2584300DDD2EB /* IWFileTools.c in Sources */,
				64F25F3E16D4E35B00EC3E78 /* IWUIMenuPage.c in Sources */,
				64F25F3F16D4E35E00EC3E78 /* IWUIMenuItem.c in Sources */,
			);
			runOnlyForDeploymentPostprocessing = 0;
		};
		64822E581695E9BF003C5415 /* Sources */ = {
			isa = PBXSourcesBuildPhase;
			buildActionMask = 2147483647;
			files = (
				646F592616A555B000704F45 /* AppDelegate.m in Sources */,
				646F592716A555B000704F45 /* ViewController.m in Sources */,
				646F592916A555B000704F45 /* IWController.c in Sources */,
				646F592A16A555B000704F45 /* IWPlayer.c in Sources */,
				646F592C16A555B000704F45 /* IWGLighting.c in Sources */,
				646F593316A555B000704F45 /* main.m in Sources */,
				641E0D6B16A7FE0A0077785D /* IWGeometry.c in Sources */,
				641E0D7416A8313F0077785D /* IWFileTools.c in Sources */,
				641E0D7516A832EF0077785D /* IWGShaderProgram.c in Sources */,
				641E0D7616A834FE0077785D /* IWGRenderer.c in Sources */,
				641E0D7A16A844710077785D /* IWGame.c in Sources */,
				641E0D8016A9662D0077785D /* IWColorTransition.c in Sources */,
				641E0D8216AAF8D90077785D /* IWUIElement.c in Sources */,
				641E0D8916AD69720077785D /* IWCube.c in Sources */,
				641E0D8C16AD6D740077785D /* IWGPrimitiveBuffer.c in Sources */,
				64765C1A16AEC758007E5C7A /* IWFuel.c in Sources */,
				64765C2816AFD8E9007E5C7A /* IWUIRectangleButton.c in Sources */,
				64765C2916AFD8E9007E5C7A /* IWUIStateBar.c in Sources */,
				64765C2D16B28491007E5C7A /* IWGBufferSubData.c in Sources */,
				64765C3016B29D9D007E5C7A /* IWGRingBuffer.c in Sources */,
				64A2F02816B67CCC00655F68 /* IWVectorTransition.c in Sources */,
				6437583016B97CAD00FD222E /* IWTimer.c in Sources */,
				6437583416B97FA600FD222E /* IWIndexList.c in Sources */,
				641AC1C016C11F8200DDD2EB /* IWGCircle.c in Sources */,
				641AC1C216C24F1300DDD2EB /* IWGFontMapEntry.c in Sources */,
				641AC1C616C2502100DDD2EB /* IWGFontMap.c in Sources */,
				64F4209216C4E2EA00121DE6 /* IWGTextField.c in Sources */,
				64F4209516C50C1B00121DE6 /* IWScoreCounter.c in Sources */,
				643D9EFA16C7A168005627AB /* IWMatrix4.c in Sources */,
				64C0386316CB65AB00C4F491 /* IWGSkyBoxController.c in Sources */,
				64F25F1716D386D900EC3E78 /* IWCubeStatus.c in Sources */,
				64F25F3B16D4DA2000EC3E78 /* IWUIMenuItem.c in Sources */,
				64F25F3C16D4DA2400EC3E78 /* IWUIMenuPage.c in Sources */,
				64F25F3D16D4DA2800EC3E78 /* IWUIMenuPresenter.c in Sources */,
				64F25F4216D5126B00EC3E78 /* IWUIMenuController.c in Sources */,
				6404C90516D623AC005900FA /* IWScorePresenter.c in Sources */,
				64A6593716DCA3DF003F92C4 /* CoreDataObjectModel.xcdatamodeld in Sources */,
				64A6593D16DCA9BB003F92C4 /* Achievement.m in Sources */,
				64A6594016DCA9C6003F92C4 /* AchievementTracker.m in Sources */,
				64A6594316DCCAFC003F92C4 /* AchievementController.m in Sources */,
				6406401C16E49A010019CAC3 /* IWTutorialController.c in Sources */,
				6406402216E4C02F0019CAC3 /* IWTutorialStage.c in Sources */,
				64E11D3716E4C0D50016FA34 /* IWUserInterfaceController.c in Sources */,
				64E11D3916E4C0E20016FA34 /* IWUISlider.c in Sources */,
				64E11D3C16E4C6EB0016FA34 /* IWCubeController.c in Sources */,
				64086BB216EA2141000B1E76 /* IWStartMenuController.c in Sources */,
			);
			runOnlyForDeploymentPostprocessing = 0;
		};
/* End PBXSourcesBuildPhase section */

/* Begin PBXVariantGroup section */
		6437584316BBF2D700FD222E /* InfoPlist.strings */ = {
			isa = PBXVariantGroup;
			children = (
				6437584416BBF2D700FD222E /* en */,
			);
			name = InfoPlist.strings;
			sourceTree = "<group>";
		};
		646F591416A555B000704F45 /* InfoPlist.strings */ = {
			isa = PBXVariantGroup;
			children = (
				646F591516A555B000704F45 /* en */,
			);
			name = InfoPlist.strings;
			sourceTree = "<group>";
		};
/* End PBXVariantGroup section */

/* Begin XCBuildConfiguration section */
		6437584B16BBF2D700FD222E /* Debug */ = {
			isa = XCBuildConfiguration;
			buildSettings = {
				FRAMEWORK_SEARCH_PATHS = (
					"\"$(SDKROOT)/Developer/Library/Frameworks\"",
					"\"$(DEVELOPER_LIBRARY_DIR)/Frameworks\"",
				);
				GCC_PRECOMPILE_PREFIX_HEADER = YES;
				GCC_PREFIX_HEADER = "theBr1dgeTest/ArchRunnerAlphaTest-Prefix.pch";
				INFOPLIST_FILE = "theBr1dgeTest/ArchRunnerAlphaTest-Info.plist";
				PRODUCT_NAME = ArchRunnerAlphaTest;
				WRAPPER_EXTENSION = octest;
			};
			name = Debug;
		};
		6437584C16BBF2D700FD222E /* Release */ = {
			isa = XCBuildConfiguration;
			buildSettings = {
				FRAMEWORK_SEARCH_PATHS = (
					"\"$(SDKROOT)/Developer/Library/Frameworks\"",
					"\"$(DEVELOPER_LIBRARY_DIR)/Frameworks\"",
				);
				GCC_PRECOMPILE_PREFIX_HEADER = YES;
				GCC_PREFIX_HEADER = "theBr1dgeTest/ArchRunnerAlphaTest-Prefix.pch";
				INFOPLIST_FILE = "theBr1dgeTest/ArchRunnerAlphaTest-Info.plist";
				PRODUCT_NAME = ArchRunnerAlphaTest;
				WRAPPER_EXTENSION = octest;
			};
			name = Release;
		};
		64822E891695E9BF003C5415 /* Debug */ = {
			isa = XCBuildConfiguration;
			buildSettings = {
				ALWAYS_SEARCH_USER_PATHS = NO;
				CLANG_CXX_LANGUAGE_STANDARD = "gnu++0x";
				CLANG_CXX_LIBRARY = "libc++";
				CLANG_WARN_EMPTY_BODY = YES;
				CLANG_WARN__DUPLICATE_METHOD_MATCH = YES;
				"CODE_SIGN_IDENTITY[sdk=iphoneos*]" = "iPhone Developer";
				COPY_PHASE_STRIP = NO;
				GCC_C_LANGUAGE_STANDARD = gnu99;
				GCC_DYNAMIC_NO_PIC = NO;
				GCC_OPTIMIZATION_LEVEL = 0;
				GCC_PREPROCESSOR_DEFINITIONS = (
					"DEBUG=1",
					"$(inherited)",
				);
				GCC_SYMBOLS_PRIVATE_EXTERN = NO;
				GCC_WARN_ABOUT_RETURN_TYPE = YES;
				GCC_WARN_UNINITIALIZED_AUTOS = YES;
				GCC_WARN_UNUSED_VARIABLE = YES;
				IPHONEOS_DEPLOYMENT_TARGET = 6.0;
				ONLY_ACTIVE_ARCH = YES;
				SDKROOT = iphoneos;
				TARGETED_DEVICE_FAMILY = "1,2";
			};
			name = Debug;
		};
		64822E8A1695E9BF003C5415 /* Release */ = {
			isa = XCBuildConfiguration;
			buildSettings = {
				ALWAYS_SEARCH_USER_PATHS = NO;
				CLANG_CXX_LANGUAGE_STANDARD = "gnu++0x";
				CLANG_CXX_LIBRARY = "libc++";
				CLANG_WARN_EMPTY_BODY = YES;
				CLANG_WARN__DUPLICATE_METHOD_MATCH = YES;
				CODE_SIGN_IDENTITY = "iPhone Developer";
				"CODE_SIGN_IDENTITY[sdk=iphoneos*]" = "iPhone Developer";
				COPY_PHASE_STRIP = YES;
				GCC_C_LANGUAGE_STANDARD = gnu99;
				GCC_WARN_ABOUT_RETURN_TYPE = YES;
				GCC_WARN_UNINITIALIZED_AUTOS = YES;
				GCC_WARN_UNUSED_VARIABLE = YES;
				IPHONEOS_DEPLOYMENT_TARGET = 6.0;
				OTHER_CFLAGS = "-DNS_BLOCK_ASSERTIONS=1";
				PROVISIONING_PROFILE = "";
				SDKROOT = iphoneos;
				TARGETED_DEVICE_FAMILY = "1,2";
				VALIDATE_PRODUCT = YES;
			};
			name = Release;
		};
		64822E8C1695E9BF003C5415 /* Debug */ = {
			isa = XCBuildConfiguration;
			buildSettings = {
				CODE_SIGN_IDENTITY = "iPhone Developer";
				GCC_PRECOMPILE_PREFIX_HEADER = YES;
				GCC_PREFIX_HEADER = "Misc/ArchRunnerAlpha-Prefix.pch";
				INFOPLIST_FILE = "Misc/ArchRunnerAlpha-Info.plist";
				IPHONEOS_DEPLOYMENT_TARGET = 6.0;
				PRODUCT_NAME = ArchRunnerAlpha;
				PROVISIONING_PROFILE = "";
				WRAPPER_EXTENSION = app;
			};
			name = Debug;
		};
		64822E8D1695E9BF003C5415 /* Release */ = {
			isa = XCBuildConfiguration;
			buildSettings = {
				CODE_SIGN_IDENTITY = "iPhone Distribution";
				"CODE_SIGN_IDENTITY[sdk=iphoneos*]" = "iPhone Distribution";
				GCC_PRECOMPILE_PREFIX_HEADER = YES;
				GCC_PREFIX_HEADER = "Misc/ArchRunnerAlpha-Prefix.pch";
				INFOPLIST_FILE = "Misc/ArchRunnerAlpha-Info.plist";
				IPHONEOS_DEPLOYMENT_TARGET = 6.0;
				PRODUCT_NAME = ArchRunnerAlpha;
				PROVISIONING_PROFILE = "";
				"PROVISIONING_PROFILE[sdk=iphoneos*]" = "";
				WRAPPER_EXTENSION = app;
			};
			name = Release;
		};
/* End XCBuildConfiguration section */

/* Begin XCConfigurationList section */
		6437584A16BBF2D700FD222E /* Build configuration list for PBXNativeTarget "ArchRunnerAlphaTest" */ = {
			isa = XCConfigurationList;
			buildConfigurations = (
				6437584B16BBF2D700FD222E /* Debug */,
				6437584C16BBF2D700FD222E /* Release */,
			);
			defaultConfigurationIsVisible = 0;
			defaultConfigurationName = Release;
		};
		64822E561695E9BF003C5415 /* Build configuration list for PBXProject "ArchRunnerAlpha" */ = {
			isa = XCConfigurationList;
			buildConfigurations = (
				64822E891695E9BF003C5415 /* Debug */,
				64822E8A1695E9BF003C5415 /* Release */,
			);
			defaultConfigurationIsVisible = 0;
			defaultConfigurationName = Release;
		};
		64822E8B1695E9BF003C5415 /* Build configuration list for PBXNativeTarget "ArchRunnerAlpha" */ = {
			isa = XCConfigurationList;
			buildConfigurations = (
				64822E8C1695E9BF003C5415 /* Debug */,
				64822E8D1695E9BF003C5415 /* Release */,
			);
			defaultConfigurationIsVisible = 0;
			defaultConfigurationName = Release;
		};
/* End XCConfigurationList section */

/* Begin XCVersionGroup section */
		64A6593516DCA3DF003F92C4 /* CoreDataObjectModel.xcdatamodeld */ = {
			isa = XCVersionGroup;
			children = (
				64A6593616DCA3DF003F92C4 /* CoreDataObjectModel.xcdatamodel */,
			);
			currentVersion = 64A6593616DCA3DF003F92C4 /* CoreDataObjectModel.xcdatamodel */;
			path = CoreDataObjectModel.xcdatamodeld;
			sourceTree = "<group>";
			versionGroupType = wrapper.xcdatamodel;
		};
/* End XCVersionGroup section */
	};
	rootObject = 64822E531695E9BF003C5415 /* Project object */;
}
