// !$*UTF8*$!
{
	archiveVersion = 1;
	classes = {
	};
	objectVersion = 46;
	objects = {

/* Begin PBXBuildFile section */
		641E0D6B16A7FE0A0077785D /* IWGeometry.c in Sources */ = {isa = PBXBuildFile; fileRef = 641E0D6A16A7FE0A0077785D /* IWGeometry.c */; };
		641E0D7416A8313F0077785D /* IWFileTools.c in Sources */ = {isa = PBXBuildFile; fileRef = 641E0D7316A8313F0077785D /* IWFileTools.c */; };
		641E0D7516A832EF0077785D /* IWGShaderProgram.c in Sources */ = {isa = PBXBuildFile; fileRef = 646F590716A555B000704F45 /* IWGShaderProgram.c */; };
		641E0D7616A834FE0077785D /* IWGRenderer.c in Sources */ = {isa = PBXBuildFile; fileRef = 641E0D6F16A809560077785D /* IWGRenderer.c */; };
		641E0D7A16A844710077785D /* IWGame.c in Sources */ = {isa = PBXBuildFile; fileRef = 641E0D7916A844710077785D /* IWGame.c */; };
		641E0D7C16A962580077785D /* IWVector4.h in Resources */ = {isa = PBXBuildFile; fileRef = 641E0D7B16A962580077785D /* IWVector4.h */; };
		641E0D8016A9662D0077785D /* IWColorTransition.c in Sources */ = {isa = PBXBuildFile; fileRef = 641E0D7F16A9662D0077785D /* IWColorTransition.c */; };
		641E0D8216AAF8D90077785D /* IWUIElement.c in Sources */ = {isa = PBXBuildFile; fileRef = 641E0D8116AAF8D80077785D /* IWUIElement.c */; };
		646F592616A555B000704F45 /* AppDelegate.m in Sources */ = {isa = PBXBuildFile; fileRef = 646F58FC16A555B000704F45 /* AppDelegate.m */; };
		646F592716A555B000704F45 /* ViewController.m in Sources */ = {isa = PBXBuildFile; fileRef = 646F58FE16A555B000704F45 /* ViewController.m */; };
		646F592816A555B000704F45 /* ge_cube.c in Sources */ = {isa = PBXBuildFile; fileRef = 646F590016A555B000704F45 /* ge_cube.c */; };
		646F592916A555B000704F45 /* IWController.c in Sources */ = {isa = PBXBuildFile; fileRef = 646F590216A555B000704F45 /* IWController.c */; };
		646F592A16A555B000704F45 /* IWPlayer.c in Sources */ = {isa = PBXBuildFile; fileRef = 646F590416A555B000704F45 /* IWPlayer.c */; };
		646F592C16A555B000704F45 /* IWGLighting.c in Sources */ = {isa = PBXBuildFile; fileRef = 646F590916A555B000704F45 /* IWGLighting.c */; };
		646F592D16A555B000704F45 /* Default-568h@2x.png in Resources */ = {isa = PBXBuildFile; fileRef = 646F591116A555B000704F45 /* Default-568h@2x.png */; };
		646F592E16A555B000704F45 /* Default.png in Resources */ = {isa = PBXBuildFile; fileRef = 646F591216A555B000704F45 /* Default.png */; };
		646F592F16A555B000704F45 /* Default@2x.png in Resources */ = {isa = PBXBuildFile; fileRef = 646F591316A555B000704F45 /* Default@2x.png */; };
		646F593016A555B000704F45 /* InfoPlist.strings in Resources */ = {isa = PBXBuildFile; fileRef = 646F591416A555B000704F45 /* InfoPlist.strings */; };
		646F593116A555B000704F45 /* ViewController_iPad.xib in Resources */ = {isa = PBXBuildFile; fileRef = 646F591616A555B000704F45 /* ViewController_iPad.xib */; };
		646F593216A555B000704F45 /* ViewController_iPhone.xib in Resources */ = {isa = PBXBuildFile; fileRef = 646F591816A555B000704F45 /* ViewController_iPhone.xib */; };
		646F593316A555B000704F45 /* main.m in Sources */ = {isa = PBXBuildFile; fileRef = 646F591A16A555B000704F45 /* main.m */; };
		646F593916A5572E00704F45 /* BasicLightShader.fsh in Resources */ = {isa = PBXBuildFile; fileRef = 646F591E16A555B000704F45 /* BasicLightShader.fsh */; };
		646F593A16A5573100704F45 /* BasicLightShader.vsh in Resources */ = {isa = PBXBuildFile; fileRef = 646F591F16A555B000704F45 /* BasicLightShader.vsh */; };
		646F593B16A5573400704F45 /* Shader.fsh in Resources */ = {isa = PBXBuildFile; fileRef = 646F592016A555B000704F45 /* Shader.fsh */; };
		646F593C16A5573800704F45 /* Shader.vsh in Resources */ = {isa = PBXBuildFile; fileRef = 646F592116A555B000704F45 /* Shader.vsh */; };
		646F594316A56BF100704F45 /* MasterShader.vsh in Resources */ = {isa = PBXBuildFile; fileRef = 646F594216A56BF100704F45 /* MasterShader.vsh */; };
		646F594616A577DF00704F45 /* MasterShader.fsh in Resources */ = {isa = PBXBuildFile; fileRef = 646F594416A56C0200704F45 /* MasterShader.fsh */; };
		64822E611695E9BF003C5415 /* UIKit.framework in Frameworks */ = {isa = PBXBuildFile; fileRef = 64822E601695E9BF003C5415 /* UIKit.framework */; };
		64822E631695E9BF003C5415 /* Foundation.framework in Frameworks */ = {isa = PBXBuildFile; fileRef = 64822E621695E9BF003C5415 /* Foundation.framework */; };
		64822E651695E9BF003C5415 /* CoreGraphics.framework in Frameworks */ = {isa = PBXBuildFile; fileRef = 64822E641695E9BF003C5415 /* CoreGraphics.framework */; };
		64822E671695E9BF003C5415 /* GLKit.framework in Frameworks */ = {isa = PBXBuildFile; fileRef = 64822E661695E9BF003C5415 /* GLKit.framework */; };
		64822E691695E9BF003C5415 /* OpenGLES.framework in Frameworks */ = {isa = PBXBuildFile; fileRef = 64822E681695E9BF003C5415 /* OpenGLES.framework */; };
		64822EA9169DB8A8003C5415 /* CoreLocation.framework in Frameworks */ = {isa = PBXBuildFile; fileRef = 64822EA8169DB8A8003C5415 /* CoreLocation.framework */; };
		64822EAB169DB901003C5415 /* CoreMotion.framework in Frameworks */ = {isa = PBXBuildFile; fileRef = 64822EAA169DB901003C5415 /* CoreMotion.framework */; };
		648E756516A58872004DE1A4 /* IWUIHeadUpDisplay.c in Sources */ = {isa = PBXBuildFile; fileRef = 648E756416A58872004DE1A4 /* IWUIHeadUpDisplay.c */; };
		648E756816A6B251004DE1A4 /* IWUIRectangleButton.c in Sources */ = {isa = PBXBuildFile; fileRef = 648E756716A6B251004DE1A4 /* IWUIRectangleButton.c */; };
		648E756A16A6B7E8004DE1A4 /* IWVector2.h in Resources */ = {isa = PBXBuildFile; fileRef = 648E756916A6B7E8004DE1A4 /* IWVector2.h */; };
/* End PBXBuildFile section */

/* Begin PBXFileReference section */
		641E0D6A16A7FE0A0077785D /* IWGeometry.c */ = {isa = PBXFileReference; fileEncoding = 4; lastKnownFileType = sourcecode.c.c; path = IWGeometry.c; sourceTree = "<group>"; };
		641E0D6E16A8094C0077785D /* IWGRenderer.h */ = {isa = PBXFileReference; lastKnownFileType = sourcecode.c.h; path = IWGRenderer.h; sourceTree = "<group>"; };
		641E0D6F16A809560077785D /* IWGRenderer.c */ = {isa = PBXFileReference; fileEncoding = 4; lastKnownFileType = sourcecode.c.c; path = IWGRenderer.c; sourceTree = "<group>"; };
		641E0D7216A831320077785D /* IWFileTools.h */ = {isa = PBXFileReference; lastKnownFileType = sourcecode.c.h; name = IWFileTools.h; path = IWTools/IWFileTools.h; sourceTree = "<group>"; };
		641E0D7316A8313F0077785D /* IWFileTools.c */ = {isa = PBXFileReference; fileEncoding = 4; lastKnownFileType = sourcecode.c.c; name = IWFileTools.c; path = IWTools/IWFileTools.c; sourceTree = "<group>"; };
		641E0D7716A840DE0077785D /* IWGameData.h */ = {isa = PBXFileReference; lastKnownFileType = sourcecode.c.h; path = IWGameData.h; sourceTree = "<group>"; };
		641E0D7816A844650077785D /* IWGame.h */ = {isa = PBXFileReference; lastKnownFileType = sourcecode.c.h; path = IWGame.h; sourceTree = "<group>"; };
		641E0D7916A844710077785D /* IWGame.c */ = {isa = PBXFileReference; fileEncoding = 4; lastKnownFileType = sourcecode.c.c; path = IWGame.c; sourceTree = "<group>"; };
		641E0D7B16A962580077785D /* IWVector4.h */ = {isa = PBXFileReference; fileEncoding = 4; lastKnownFileType = sourcecode.c.h; path = IWVector4.h; sourceTree = "<group>"; };
		641E0D7D16A965E90077785D /* IWColorTransition.h */ = {isa = PBXFileReference; lastKnownFileType = sourcecode.c.h; name = IWColorTransition.h; path = IWAnimation/IWColorTransition.h; sourceTree = SOURCE_ROOT; };
		641E0D7F16A9662D0077785D /* IWColorTransition.c */ = {isa = PBXFileReference; fileEncoding = 4; lastKnownFileType = sourcecode.c.c; name = IWColorTransition.c; path = IWAnimation/IWColorTransition.c; sourceTree = "<group>"; };
		641E0D8116AAF8D80077785D /* IWUIElement.c */ = {isa = PBXFileReference; fileEncoding = 4; lastKnownFileType = sourcecode.c.c; name = IWUIElement.c; path = IWUserInterface/IWUIElement.c; sourceTree = "<group>"; };
		641E0D8416AAF9170077785D /* IWUIElement.h */ = {isa = PBXFileReference; lastKnownFileType = sourcecode.c.h; name = IWUIElement.h; path = IWUserInterface/IWUIElement.h; sourceTree = "<group>"; };
		646F58FB16A555B000704F45 /* AppDelegate.h */ = {isa = PBXFileReference; fileEncoding = 4; lastKnownFileType = sourcecode.c.h; path = AppDelegate.h; sourceTree = "<group>"; };
		646F58FC16A555B000704F45 /* AppDelegate.m */ = {isa = PBXFileReference; fileEncoding = 4; lastKnownFileType = sourcecode.c.objc; path = AppDelegate.m; sourceTree = "<group>"; };
		646F58FD16A555B000704F45 /* ViewController.h */ = {isa = PBXFileReference; fileEncoding = 4; lastKnownFileType = sourcecode.c.h; path = ViewController.h; sourceTree = "<group>"; };
		646F58FE16A555B000704F45 /* ViewController.m */ = {isa = PBXFileReference; fileEncoding = 4; lastKnownFileType = sourcecode.c.objc; path = ViewController.m; sourceTree = "<group>"; };
		646F590016A555B000704F45 /* ge_cube.c */ = {isa = PBXFileReference; fileEncoding = 4; lastKnownFileType = sourcecode.c.c; path = ge_cube.c; sourceTree = "<group>"; };
		646F590116A555B000704F45 /* ge_cubes.h */ = {isa = PBXFileReference; fileEncoding = 4; lastKnownFileType = sourcecode.c.h; path = ge_cubes.h; sourceTree = "<group>"; };
		646F590216A555B000704F45 /* IWController.c */ = {isa = PBXFileReference; fileEncoding = 4; lastKnownFileType = sourcecode.c.c; path = IWController.c; sourceTree = "<group>"; };
		646F590316A555B000704F45 /* IWController.h */ = {isa = PBXFileReference; fileEncoding = 4; lastKnownFileType = sourcecode.c.h; path = IWController.h; sourceTree = "<group>"; };
		646F590416A555B000704F45 /* IWPlayer.c */ = {isa = PBXFileReference; fileEncoding = 4; lastKnownFileType = sourcecode.c.c; path = IWPlayer.c; sourceTree = "<group>"; };
		646F590516A555B000704F45 /* IWPlayer.h */ = {isa = PBXFileReference; fileEncoding = 4; lastKnownFileType = sourcecode.c.h; path = IWPlayer.h; sourceTree = "<group>"; };
		646F590716A555B000704F45 /* IWGShaderProgram.c */ = {isa = PBXFileReference; fileEncoding = 4; lastKnownFileType = sourcecode.c.c; path = IWGShaderProgram.c; sourceTree = "<group>"; };
		646F590816A555B000704F45 /* IWGShaderProgram.h */ = {isa = PBXFileReference; fileEncoding = 4; lastKnownFileType = sourcecode.c.h; path = IWGShaderProgram.h; sourceTree = "<group>"; };
		646F590916A555B000704F45 /* IWGLighting.c */ = {isa = PBXFileReference; fileEncoding = 4; lastKnownFileType = sourcecode.c.c; path = IWGLighting.c; sourceTree = "<group>"; };
		646F590A16A555B000704F45 /* IWGLighting.h */ = {isa = PBXFileReference; fileEncoding = 4; lastKnownFileType = sourcecode.c.h; path = IWGLighting.h; sourceTree = "<group>"; };
		646F590C16A555B000704F45 /* IWMath.h */ = {isa = PBXFileReference; fileEncoding = 4; lastKnownFileType = sourcecode.c.h; path = IWMath.h; sourceTree = "<group>"; };
		646F590D16A555B000704F45 /* IWMathTypes.h */ = {isa = PBXFileReference; fileEncoding = 4; lastKnownFileType = sourcecode.c.h; path = IWMathTypes.h; sourceTree = "<group>"; };
		646F590E16A555B000704F45 /* IWVector3.h */ = {isa = PBXFileReference; fileEncoding = 4; lastKnownFileType = sourcecode.c.h; path = IWVector3.h; sourceTree = "<group>"; };
		646F590F16A555B000704F45 /* IWMathUtils.h */ = {isa = PBXFileReference; fileEncoding = 4; lastKnownFileType = sourcecode.c.h; path = IWMathUtils.h; sourceTree = "<group>"; };
		646F591116A555B000704F45 /* Default-568h@2x.png */ = {isa = PBXFileReference; lastKnownFileType = image.png; path = "Default-568h@2x.png"; sourceTree = "<group>"; };
		646F591216A555B000704F45 /* Default.png */ = {isa = PBXFileReference; lastKnownFileType = image.png; path = Default.png; sourceTree = "<group>"; };
		646F591316A555B000704F45 /* Default@2x.png */ = {isa = PBXFileReference; lastKnownFileType = image.png; path = "Default@2x.png"; sourceTree = "<group>"; };
		646F591516A555B000704F45 /* en */ = {isa = PBXFileReference; lastKnownFileType = text.plist.strings; name = en; path = en.lproj/InfoPlist.strings; sourceTree = "<group>"; };
		646F591716A555B000704F45 /* en */ = {isa = PBXFileReference; lastKnownFileType = file.xib; name = en; path = en.lproj/ViewController_iPad.xib; sourceTree = "<group>"; };
		646F591916A555B000704F45 /* en */ = {isa = PBXFileReference; lastKnownFileType = file.xib; name = en; path = en.lproj/ViewController_iPhone.xib; sourceTree = "<group>"; };
		646F591A16A555B000704F45 /* main.m */ = {isa = PBXFileReference; fileEncoding = 4; lastKnownFileType = sourcecode.c.objc; path = main.m; sourceTree = "<group>"; };
		646F591B16A555B000704F45 /* theBr1dge-Info.plist */ = {isa = PBXFileReference; fileEncoding = 4; lastKnownFileType = text.plist.xml; path = "theBr1dge-Info.plist"; sourceTree = "<group>"; };
		646F591C16A555B000704F45 /* theBr1dge-Prefix.pch */ = {isa = PBXFileReference; fileEncoding = 4; lastKnownFileType = sourcecode.c.h; path = "theBr1dge-Prefix.pch"; sourceTree = "<group>"; };
		646F591E16A555B000704F45 /* BasicLightShader.fsh */ = {isa = PBXFileReference; fileEncoding = 4; lastKnownFileType = sourcecode.glsl; path = BasicLightShader.fsh; sourceTree = "<group>"; xcLanguageSpecificationIdentifier = xcode.lang.c; };
		646F591F16A555B000704F45 /* BasicLightShader.vsh */ = {isa = PBXFileReference; fileEncoding = 4; lastKnownFileType = sourcecode.glsl; path = BasicLightShader.vsh; sourceTree = "<group>"; xcLanguageSpecificationIdentifier = xcode.lang.c; };
		646F592016A555B000704F45 /* Shader.fsh */ = {isa = PBXFileReference; fileEncoding = 4; lastKnownFileType = sourcecode.glsl; path = Shader.fsh; sourceTree = "<group>"; };
		646F592116A555B000704F45 /* Shader.vsh */ = {isa = PBXFileReference; fileEncoding = 4; lastKnownFileType = sourcecode.glsl; path = Shader.vsh; sourceTree = "<group>"; };
		646F594216A56BF100704F45 /* MasterShader.vsh */ = {isa = PBXFileReference; fileEncoding = 4; lastKnownFileType = sourcecode.glsl; path = MasterShader.vsh; sourceTree = "<group>"; xcLanguageSpecificationIdentifier = xcode.lang.c; };
		646F594416A56C0200704F45 /* MasterShader.fsh */ = {isa = PBXFileReference; fileEncoding = 4; lastKnownFileType = sourcecode.glsl; path = MasterShader.fsh; sourceTree = "<group>"; xcLanguageSpecificationIdentifier = xcode.lang.c; };
		64822E5C1695E9BF003C5415 /* theBr1dge.app */ = {isa = PBXFileReference; explicitFileType = wrapper.application; includeInIndex = 0; path = theBr1dge.app; sourceTree = BUILT_PRODUCTS_DIR; };
		64822E601695E9BF003C5415 /* UIKit.framework */ = {isa = PBXFileReference; lastKnownFileType = wrapper.framework; name = UIKit.framework; path = System/Library/Frameworks/UIKit.framework; sourceTree = SDKROOT; };
		64822E621695E9BF003C5415 /* Foundation.framework */ = {isa = PBXFileReference; lastKnownFileType = wrapper.framework; name = Foundation.framework; path = System/Library/Frameworks/Foundation.framework; sourceTree = SDKROOT; };
		64822E641695E9BF003C5415 /* CoreGraphics.framework */ = {isa = PBXFileReference; lastKnownFileType = wrapper.framework; name = CoreGraphics.framework; path = System/Library/Frameworks/CoreGraphics.framework; sourceTree = SDKROOT; };
		64822E661695E9BF003C5415 /* GLKit.framework */ = {isa = PBXFileReference; lastKnownFileType = wrapper.framework; name = GLKit.framework; path = System/Library/Frameworks/GLKit.framework; sourceTree = SDKROOT; };
		64822E681695E9BF003C5415 /* OpenGLES.framework */ = {isa = PBXFileReference; lastKnownFileType = wrapper.framework; name = OpenGLES.framework; path = System/Library/Frameworks/OpenGLES.framework; sourceTree = SDKROOT; };
		64822EA8169DB8A8003C5415 /* CoreLocation.framework */ = {isa = PBXFileReference; lastKnownFileType = wrapper.framework; name = CoreLocation.framework; path = System/Library/Frameworks/CoreLocation.framework; sourceTree = SDKROOT; };
		64822EAA169DB901003C5415 /* CoreMotion.framework */ = {isa = PBXFileReference; lastKnownFileType = wrapper.framework; name = CoreMotion.framework; path = System/Library/Frameworks/CoreMotion.framework; sourceTree = SDKROOT; };
		648E756316A58865004DE1A4 /* IWUIHeadUpDisplay.h */ = {isa = PBXFileReference; lastKnownFileType = sourcecode.c.h; path = IWUIHeadUpDisplay.h; sourceTree = "<group>"; };
		648E756416A58872004DE1A4 /* IWUIHeadUpDisplay.c */ = {isa = PBXFileReference; fileEncoding = 4; lastKnownFileType = sourcecode.c.c; path = IWUIHeadUpDisplay.c; sourceTree = "<group>"; };
		648E756616A6B242004DE1A4 /* IWUIRectangleButton.h */ = {isa = PBXFileReference; lastKnownFileType = sourcecode.c.h; path = IWUIRectangleButton.h; sourceTree = "<group>"; };
		648E756716A6B251004DE1A4 /* IWUIRectangleButton.c */ = {isa = PBXFileReference; fileEncoding = 4; lastKnownFileType = sourcecode.c.c; path = IWUIRectangleButton.c; sourceTree = "<group>"; };
		648E756916A6B7E8004DE1A4 /* IWVector2.h */ = {isa = PBXFileReference; fileEncoding = 4; lastKnownFileType = sourcecode.c.h; path = IWVector2.h; sourceTree = "<group>"; xcLanguageSpecificationIdentifier = xcode.lang.c; };
		648E756B16A7F5B1004DE1A4 /* IWGeometry.h */ = {isa = PBXFileReference; lastKnownFileType = sourcecode.c.h; path = IWGeometry.h; sourceTree = "<group>"; };
/* End PBXFileReference section */

/* Begin PBXFrameworksBuildPhase section */
		64822E591695E9BF003C5415 /* Frameworks */ = {
			isa = PBXFrameworksBuildPhase;
			buildActionMask = 2147483647;
			files = (
				64822EAB169DB901003C5415 /* CoreMotion.framework in Frameworks */,
				64822EA9169DB8A8003C5415 /* CoreLocation.framework in Frameworks */,
				64822E611695E9BF003C5415 /* UIKit.framework in Frameworks */,
				64822E631695E9BF003C5415 /* Foundation.framework in Frameworks */,
				64822E651695E9BF003C5415 /* CoreGraphics.framework in Frameworks */,
				64822E671695E9BF003C5415 /* GLKit.framework in Frameworks */,
				64822E691695E9BF003C5415 /* OpenGLES.framework in Frameworks */,
			);
			runOnlyForDeploymentPostprocessing = 0;
		};
/* End PBXFrameworksBuildPhase section */

/* Begin PBXGroup section */
		641E0D7116A8310F0077785D /* IWTools */ = {
			isa = PBXGroup;
			children = (
				641E0D7216A831320077785D /* IWFileTools.h */,
				641E0D7316A8313F0077785D /* IWFileTools.c */,
			);
			name = IWTools;
			sourceTree = "<group>";
		};
		641E0D7E16A965EF0077785D /* IWAnimation */ = {
			isa = PBXGroup;
			children = (
				641E0D7D16A965E90077785D /* IWColorTransition.h */,
				641E0D7F16A9662D0077785D /* IWColorTransition.c */,
			);
			name = IWAnimation;
			sourceTree = "<group>";
		};
		641E0D8316AAF8E00077785D /* IWUserInterface */ = {
			isa = PBXGroup;
			children = (
				641E0D8416AAF9170077785D /* IWUIElement.h */,
				641E0D8116AAF8D80077785D /* IWUIElement.c */,
			);
			name = IWUserInterface;
			sourceTree = "<group>";
		};
		646F58F816A555B000704F45 /* theBr1dge */ = {
			isa = PBXGroup;
			children = (
				641E0D8316AAF8E00077785D /* IWUserInterface */,
				641E0D7E16A965EF0077785D /* IWAnimation */,
				646F58FA16A555B000704F45 /* iOS */,
				646F58FF16A555B000704F45 /* IWGame */,
				646F590616A555B000704F45 /* IWGRenderer */,
				646F590B16A555B000704F45 /* IWMath */,
				641E0D7116A8310F0077785D /* IWTools */,
				646F591D16A555B000704F45 /* Shaders */,
				646F591016A555B000704F45 /* Misc */,
			);
			name = theBr1dge;
			sourceTree = "<group>";
		};
		646F58FA16A555B000704F45 /* iOS */ = {
			isa = PBXGroup;
			children = (
				646F58FB16A555B000704F45 /* AppDelegate.h */,
				646F58FC16A555B000704F45 /* AppDelegate.m */,
				646F58FD16A555B000704F45 /* ViewController.h */,
				646F58FE16A555B000704F45 /* ViewController.m */,
			);
			path = iOS;
			sourceTree = "<group>";
		};
		646F58FF16A555B000704F45 /* IWGame */ = {
			isa = PBXGroup;
			children = (
				641E0D7716A840DE0077785D /* IWGameData.h */,
				641E0D7816A844650077785D /* IWGame.h */,
				641E0D7916A844710077785D /* IWGame.c */,
				646F590116A555B000704F45 /* ge_cubes.h */,
				646F590016A555B000704F45 /* ge_cube.c */,
				646F590316A555B000704F45 /* IWController.h */,
				646F590216A555B000704F45 /* IWController.c */,
				646F590516A555B000704F45 /* IWPlayer.h */,
				646F590416A555B000704F45 /* IWPlayer.c */,
			);
			path = IWGame;
			sourceTree = "<group>";
		};
		646F590616A555B000704F45 /* IWGRenderer */ = {
			isa = PBXGroup;
			children = (
				641E0D6E16A8094C0077785D /* IWGRenderer.h */,
				641E0D6F16A809560077785D /* IWGRenderer.c */,
				646F590816A555B000704F45 /* IWGShaderProgram.h */,
				646F590716A555B000704F45 /* IWGShaderProgram.c */,
				646F590A16A555B000704F45 /* IWGLighting.h */,
				646F590916A555B000704F45 /* IWGLighting.c */,
				648E756316A58865004DE1A4 /* IWUIHeadUpDisplay.h */,
				648E756416A58872004DE1A4 /* IWUIHeadUpDisplay.c */,
				648E756616A6B242004DE1A4 /* IWUIRectangleButton.h */,
				648E756716A6B251004DE1A4 /* IWUIRectangleButton.c */,
			);
			path = IWGRenderer;
			sourceTree = "<group>";
		};
		646F590B16A555B000704F45 /* IWMath */ = {
			isa = PBXGroup;
			children = (
				648E756B16A7F5B1004DE1A4 /* IWGeometry.h */,
				641E0D6A16A7FE0A0077785D /* IWGeometry.c */,
				646F590C16A555B000704F45 /* IWMath.h */,
				646F590D16A555B000704F45 /* IWMathTypes.h */,
				648E756916A6B7E8004DE1A4 /* IWVector2.h */,
				646F590E16A555B000704F45 /* IWVector3.h */,
				641E0D7B16A962580077785D /* IWVector4.h */,
				646F590F16A555B000704F45 /* IWMathUtils.h */,
			);
			path = IWMath;
			sourceTree = "<group>";
		};
		646F591016A555B000704F45 /* Misc */ = {
			isa = PBXGroup;
			children = (
				646F591116A555B000704F45 /* Default-568h@2x.png */,
				646F591216A555B000704F45 /* Default.png */,
				646F591316A555B000704F45 /* Default@2x.png */,
				646F591416A555B000704F45 /* InfoPlist.strings */,
				646F591616A555B000704F45 /* ViewController_iPad.xib */,
				646F591816A555B000704F45 /* ViewController_iPhone.xib */,
				646F591A16A555B000704F45 /* main.m */,
				646F591B16A555B000704F45 /* theBr1dge-Info.plist */,
				646F591C16A555B000704F45 /* theBr1dge-Prefix.pch */,
			);
			path = Misc;
			sourceTree = "<group>";
		};
		646F591D16A555B000704F45 /* Shaders */ = {
			isa = PBXGroup;
			children = (
				646F594216A56BF100704F45 /* MasterShader.vsh */,
				646F594416A56C0200704F45 /* MasterShader.fsh */,
				646F591F16A555B000704F45 /* BasicLightShader.vsh */,
				646F591E16A555B000704F45 /* BasicLightShader.fsh */,
				646F592016A555B000704F45 /* Shader.fsh */,
				646F592116A555B000704F45 /* Shader.vsh */,
			);
			path = Shaders;
			sourceTree = "<group>";
		};
		64822E511695E9BF003C5415 = {
			isa = PBXGroup;
			children = (
				646F58F816A555B000704F45 /* theBr1dge */,
				64822E5F1695E9BF003C5415 /* Frameworks */,
				64822E5D1695E9BF003C5415 /* Products */,
			);
			sourceTree = "<group>";
		};
		64822E5D1695E9BF003C5415 /* Products */ = {
			isa = PBXGroup;
			children = (
				64822E5C1695E9BF003C5415 /* theBr1dge.app */,
			);
			name = Products;
			sourceTree = "<group>";
		};
		64822E5F1695E9BF003C5415 /* Frameworks */ = {
			isa = PBXGroup;
			children = (
				64822EAA169DB901003C5415 /* CoreMotion.framework */,
				64822EA8169DB8A8003C5415 /* CoreLocation.framework */,
				64822E601695E9BF003C5415 /* UIKit.framework */,
				64822E621695E9BF003C5415 /* Foundation.framework */,
				64822E641695E9BF003C5415 /* CoreGraphics.framework */,
				64822E661695E9BF003C5415 /* GLKit.framework */,
				64822E681695E9BF003C5415 /* OpenGLES.framework */,
			);
			name = Frameworks;
			sourceTree = "<group>";
		};
/* End PBXGroup section */

/* Begin PBXNativeTarget section */
		64822E5B1695E9BF003C5415 /* theBr1dge */ = {
			isa = PBXNativeTarget;
			buildConfigurationList = 64822E8B1695E9BF003C5415 /* Build configuration list for PBXNativeTarget "theBr1dge" */;
			buildPhases = (
				64822E581695E9BF003C5415 /* Sources */,
				64822E591695E9BF003C5415 /* Frameworks */,
				64822E5A1695E9BF003C5415 /* Resources */,
			);
			buildRules = (
			);
			dependencies = (
			);
			name = theBr1dge;
			productName = gameone;
			productReference = 64822E5C1695E9BF003C5415 /* theBr1dge.app */;
			productType = "com.apple.product-type.application";
		};
/* End PBXNativeTarget section */

/* Begin PBXProject section */
		64822E531695E9BF003C5415 /* Project object */ = {
			isa = PBXProject;
			attributes = {
				LastUpgradeCheck = 0450;
				ORGANIZATIONNAME = "Martin Raue";
			};
			buildConfigurationList = 64822E561695E9BF003C5415 /* Build configuration list for PBXProject "theBr1dge" */;
			compatibilityVersion = "Xcode 3.2";
			developmentRegion = English;
			hasScannedForEncodings = 0;
			knownRegions = (
				en,
			);
			mainGroup = 64822E511695E9BF003C5415;
			productRefGroup = 64822E5D1695E9BF003C5415 /* Products */;
			projectDirPath = "";
			projectRoot = "";
			targets = (
				64822E5B1695E9BF003C5415 /* theBr1dge */,
			);
		};
/* End PBXProject section */

/* Begin PBXResourcesBuildPhase section */
		64822E5A1695E9BF003C5415 /* Resources */ = {
			isa = PBXResourcesBuildPhase;
			buildActionMask = 2147483647;
			files = (
				646F592D16A555B000704F45 /* Default-568h@2x.png in Resources */,
				646F592E16A555B000704F45 /* Default.png in Resources */,
				646F592F16A555B000704F45 /* Default@2x.png in Resources */,
				646F593016A555B000704F45 /* InfoPlist.strings in Resources */,
				646F593116A555B000704F45 /* ViewController_iPad.xib in Resources */,
				646F593216A555B000704F45 /* ViewController_iPhone.xib in Resources */,
				646F593916A5572E00704F45 /* BasicLightShader.fsh in Resources */,
				646F593A16A5573100704F45 /* BasicLightShader.vsh in Resources */,
				646F593B16A5573400704F45 /* Shader.fsh in Resources */,
				646F593C16A5573800704F45 /* Shader.vsh in Resources */,
				646F594316A56BF100704F45 /* MasterShader.vsh in Resources */,
				646F594616A577DF00704F45 /* MasterShader.fsh in Resources */,
				648E756A16A6B7E8004DE1A4 /* IWVector2.h in Resources */,
				641E0D7C16A962580077785D /* IWVector4.h in Resources */,
			);
			runOnlyForDeploymentPostprocessing = 0;
		};
/* End PBXResourcesBuildPhase section */

/* Begin PBXSourcesBuildPhase section */
		64822E581695E9BF003C5415 /* Sources */ = {
			isa = PBXSourcesBuildPhase;
			buildActionMask = 2147483647;
			files = (
				646F592616A555B000704F45 /* AppDelegate.m in Sources */,
				646F592716A555B000704F45 /* ViewController.m in Sources */,
				646F592816A555B000704F45 /* ge_cube.c in Sources */,
				646F592916A555B000704F45 /* IWController.c in Sources */,
				646F592A16A555B000704F45 /* IWPlayer.c in Sources */,
				646F592C16A555B000704F45 /* IWGLighting.c in Sources */,
				646F593316A555B000704F45 /* main.m in Sources */,
				648E756516A58872004DE1A4 /* IWUIHeadUpDisplay.c in Sources */,
				648E756816A6B251004DE1A4 /* IWUIRectangleButton.c in Sources */,
				641E0D6B16A7FE0A0077785D /* IWGeometry.c in Sources */,
				641E0D7416A8313F0077785D /* IWFileTools.c in Sources */,
				641E0D7516A832EF0077785D /* IWGShaderProgram.c in Sources */,
				641E0D7616A834FE0077785D /* IWGRenderer.c in Sources */,
				641E0D7A16A844710077785D /* IWGame.c in Sources */,
				641E0D8016A9662D0077785D /* IWColorTransition.c in Sources */,
				641E0D8216AAF8D90077785D /* IWUIElement.c in Sources */,
			);
			runOnlyForDeploymentPostprocessing = 0;
		};
/* End PBXSourcesBuildPhase section */

/* Begin PBXVariantGroup section */
		646F591416A555B000704F45 /* InfoPlist.strings */ = {
			isa = PBXVariantGroup;
			children = (
				646F591516A555B000704F45 /* en */,
			);
			name = InfoPlist.strings;
			sourceTree = "<group>";
		};
		646F591616A555B000704F45 /* ViewController_iPad.xib */ = {
			isa = PBXVariantGroup;
			children = (
				646F591716A555B000704F45 /* en */,
			);
			name = ViewController_iPad.xib;
			sourceTree = "<group>";
		};
		646F591816A555B000704F45 /* ViewController_iPhone.xib */ = {
			isa = PBXVariantGroup;
			children = (
				646F591916A555B000704F45 /* en */,
			);
			name = ViewController_iPhone.xib;
			sourceTree = "<group>";
		};
/* End PBXVariantGroup section */

/* Begin XCBuildConfiguration section */
		64822E891695E9BF003C5415 /* Debug */ = {
			isa = XCBuildConfiguration;
			buildSettings = {
				ALWAYS_SEARCH_USER_PATHS = NO;
				CLANG_CXX_LANGUAGE_STANDARD = "gnu++0x";
				CLANG_CXX_LIBRARY = "libc++";
				CLANG_WARN_EMPTY_BODY = YES;
				CLANG_WARN__DUPLICATE_METHOD_MATCH = YES;
				"CODE_SIGN_IDENTITY[sdk=iphoneos*]" = "iPhone Developer";
				COPY_PHASE_STRIP = NO;
				GCC_C_LANGUAGE_STANDARD = gnu99;
				GCC_DYNAMIC_NO_PIC = NO;
				GCC_OPTIMIZATION_LEVEL = 0;
				GCC_PREPROCESSOR_DEFINITIONS = (
					"DEBUG=1",
					"$(inherited)",
				);
				GCC_SYMBOLS_PRIVATE_EXTERN = NO;
				GCC_WARN_ABOUT_RETURN_TYPE = YES;
				GCC_WARN_UNINITIALIZED_AUTOS = YES;
				GCC_WARN_UNUSED_VARIABLE = YES;
				IPHONEOS_DEPLOYMENT_TARGET = 6.0;
				ONLY_ACTIVE_ARCH = YES;
				SDKROOT = iphoneos;
				TARGETED_DEVICE_FAMILY = "1,2";
			};
			name = Debug;
		};
		64822E8A1695E9BF003C5415 /* Release */ = {
			isa = XCBuildConfiguration;
			buildSettings = {
				ALWAYS_SEARCH_USER_PATHS = NO;
				CLANG_CXX_LANGUAGE_STANDARD = "gnu++0x";
				CLANG_CXX_LIBRARY = "libc++";
				CLANG_WARN_EMPTY_BODY = YES;
				CLANG_WARN__DUPLICATE_METHOD_MATCH = YES;
				"CODE_SIGN_IDENTITY[sdk=iphoneos*]" = "iPhone Developer";
				COPY_PHASE_STRIP = YES;
				GCC_C_LANGUAGE_STANDARD = gnu99;
				GCC_WARN_ABOUT_RETURN_TYPE = YES;
				GCC_WARN_UNINITIALIZED_AUTOS = YES;
				GCC_WARN_UNUSED_VARIABLE = YES;
				IPHONEOS_DEPLOYMENT_TARGET = 6.0;
				OTHER_CFLAGS = "-DNS_BLOCK_ASSERTIONS=1";
				SDKROOT = iphoneos;
				TARGETED_DEVICE_FAMILY = "1,2";
				VALIDATE_PRODUCT = YES;
			};
			name = Release;
		};
		64822E8C1695E9BF003C5415 /* Debug */ = {
			isa = XCBuildConfiguration;
			buildSettings = {
				GCC_PRECOMPILE_PREFIX_HEADER = YES;
				GCC_PREFIX_HEADER = "Misc/theBr1dge-Prefix.pch";
				INFOPLIST_FILE = "Misc/theBr1dge-Info.plist";
				PRODUCT_NAME = theBr1dge;
				WRAPPER_EXTENSION = app;
			};
			name = Debug;
		};
		64822E8D1695E9BF003C5415 /* Release */ = {
			isa = XCBuildConfiguration;
			buildSettings = {
				GCC_PRECOMPILE_PREFIX_HEADER = YES;
				GCC_PREFIX_HEADER = "Misc/theBr1dge-Prefix.pch";
				INFOPLIST_FILE = "Misc/theBr1dge-Info.plist";
				PRODUCT_NAME = theBr1dge;
				WRAPPER_EXTENSION = app;
			};
			name = Release;
		};
/* End XCBuildConfiguration section */

/* Begin XCConfigurationList section */
		64822E561695E9BF003C5415 /* Build configuration list for PBXProject "theBr1dge" */ = {
			isa = XCConfigurationList;
			buildConfigurations = (
				64822E891695E9BF003C5415 /* Debug */,
				64822E8A1695E9BF003C5415 /* Release */,
			);
			defaultConfigurationIsVisible = 0;
			defaultConfigurationName = Release;
		};
		64822E8B1695E9BF003C5415 /* Build configuration list for PBXNativeTarget "theBr1dge" */ = {
			isa = XCConfigurationList;
			buildConfigurations = (
				64822E8C1695E9BF003C5415 /* Debug */,
				64822E8D1695E9BF003C5415 /* Release */,
			);
			defaultConfigurationIsVisible = 0;
			defaultConfigurationName = Release;
		};
/* End XCConfigurationList section */
	};
	rootObject = 64822E531695E9BF003C5415 /* Project object */;
}
